// !$*UTF8*$!
{
	archiveVersion = 1;
	classes = {
	};
	objectVersion = 56;
	objects = {

/* Begin PBXBuildFile section */
		341CF6242913BCB40012FA5B /* StoreKit.framework in Frameworks */ = {isa = PBXBuildFile; fileRef = 341CF6232913BCB40012FA5B /* StoreKit.framework */; };
		341CF626291430B40012FA5B /* SupportDevView.swift in Sources */ = {isa = PBXBuildFile; fileRef = 341CF625291430B40012FA5B /* SupportDevView.swift */; };
		341CF628291431930012FA5B /* SupportDevViewModel.swift in Sources */ = {isa = PBXBuildFile; fileRef = 341CF627291431930012FA5B /* SupportDevViewModel.swift */; };
		341DFC0A295DAFAF00BDCBDB /* PercentView.swift in Sources */ = {isa = PBXBuildFile; fileRef = 341DFC09295DAFAF00BDCBDB /* PercentView.swift */; };
		341DFC0C295DB42100BDCBDB /* MockData.swift in Sources */ = {isa = PBXBuildFile; fileRef = 341DFC0B295DB42100BDCBDB /* MockData.swift */; };
		341DFC0E295DB44300BDCBDB /* WidgetChartView.swift in Sources */ = {isa = PBXBuildFile; fileRef = 341DFC0D295DB44300BDCBDB /* WidgetChartView.swift */; };
		3420F49F2AC557770059E40E /* NetworkMonitor.swift in Sources */ = {isa = PBXBuildFile; fileRef = 3420F49E2AC557770059E40E /* NetworkMonitor.swift */; };
		3420F4A02AC557770059E40E /* NetworkMonitor.swift in Sources */ = {isa = PBXBuildFile; fileRef = 3420F49E2AC557770059E40E /* NetworkMonitor.swift */; };
		3420F4A12AC557770059E40E /* NetworkMonitor.swift in Sources */ = {isa = PBXBuildFile; fileRef = 3420F49E2AC557770059E40E /* NetworkMonitor.swift */; };
		342A047D290A5B7B00C10652 /* HelloViewModel.swift in Sources */ = {isa = PBXBuildFile; fileRef = 342A047C290A5B7B00C10652 /* HelloViewModel.swift */; };
		342D433A28F7E37F001C69AD /* CurrencyCell.swift in Sources */ = {isa = PBXBuildFile; fileRef = 342D433928F7E37F001C69AD /* CurrencyCell.swift */; };
		3441ABD828F1709F009528FD /* CurrencyListView.swift in Sources */ = {isa = PBXBuildFile; fileRef = 3441ABD728F1709F009528FD /* CurrencyListView.swift */; };
		3443E4CA2962D58500749277 /* DatePickView.swift in Sources */ = {isa = PBXBuildFile; fileRef = 3443E4C92962D58400749277 /* DatePickView.swift */; };
		3443E4CC2962D6C900749277 /* DatePickViewModel.swift in Sources */ = {isa = PBXBuildFile; fileRef = 3443E4CB2962D6C900749277 /* DatePickViewModel.swift */; };
		3447F7E728F0BB3F00B59B25 /* AppIcon.swift in Sources */ = {isa = PBXBuildFile; fileRef = 3447F7E628F0BB3F00B59B25 /* AppIcon.swift */; };
		344A71EB292C13200065F689 /* CurrencyListViewModel.swift in Sources */ = {isa = PBXBuildFile; fileRef = 344A71EA292C13200065F689 /* CurrencyListViewModel.swift */; };
		344E9987295ED7A200921DBC /* LoadingCell.swift in Sources */ = {isa = PBXBuildFile; fileRef = 344E9986295ED7A200921DBC /* LoadingCell.swift */; };
		345D49B729B1D51D00C6E1EB /* CurrencyCalcViewModel.swift in Sources */ = {isa = PBXBuildFile; fileRef = 345D49B629B1D51D00C6E1EB /* CurrencyCalcViewModel.swift */; };
		34671B0A296A03AC0023D88C /* SharedDataManager.swift in Sources */ = {isa = PBXBuildFile; fileRef = 34ED0C2028F17592006C4F38 /* SharedDataManager.swift */; };
		346C7A2329BD19020023DE23 /* WalutWatchApp.swift in Sources */ = {isa = PBXBuildFile; fileRef = 346C7A2229BD19020023DE23 /* WalutWatchApp.swift */; };
		346C7A2529BD19020023DE23 /* ContentView.swift in Sources */ = {isa = PBXBuildFile; fileRef = 346C7A2429BD19020023DE23 /* ContentView.swift */; };
		346C7A2729BD19030023DE23 /* Assets.xcassets in Resources */ = {isa = PBXBuildFile; fileRef = 346C7A2629BD19030023DE23 /* Assets.xcassets */; };
		346C7A2A29BD19030023DE23 /* Preview Assets.xcassets in Resources */ = {isa = PBXBuildFile; fileRef = 346C7A2929BD19030023DE23 /* Preview Assets.xcassets */; };
		346C7A3729BD19860023DE23 /* NetworkManager.swift in Sources */ = {isa = PBXBuildFile; fileRef = 34ED0C1A28F172A6006C4F38 /* NetworkManager.swift */; };
		346C7A3829BD19890023DE23 /* Currency.swift in Sources */ = {isa = PBXBuildFile; fileRef = 34A2347328F061D700C81292 /* Currency.swift */; };
		346C7A3929BD198C0023DE23 /* CurrencyData.swift in Sources */ = {isa = PBXBuildFile; fileRef = 34ED0C1E28F1751C006C4F38 /* CurrencyData.swift */; };
		346C7A3A29BD198E0023DE23 /* RatesData.swift in Sources */ = {isa = PBXBuildFile; fileRef = 3498CC9328F4502200961C61 /* RatesData.swift */; };
		346C7A3B29BD19910023DE23 /* TimeSeriesData.swift in Sources */ = {isa = PBXBuildFile; fileRef = 3498CC9528F4504900961C61 /* TimeSeriesData.swift */; };
		346C7A4129BD1A9F0023DE23 /* CurrencyCell.swift in Sources */ = {isa = PBXBuildFile; fileRef = 346C7A4029BD1A9F0023DE23 /* CurrencyCell.swift */; };
		346C7A4329BD1AEB0023DE23 /* CurrencyListView.swift in Sources */ = {isa = PBXBuildFile; fileRef = 346C7A4229BD1AEB0023DE23 /* CurrencyListView.swift */; };
		347514982919A55A0092864A /* Configuration.storekit in Resources */ = {isa = PBXBuildFile; fileRef = 347514972919A55A0092864A /* Configuration.storekit */; };
		347D44B82AC8B5C30099C473 /* NotWorkingView.swift in Sources */ = {isa = PBXBuildFile; fileRef = 347D44B72AC8B5C30099C473 /* NotWorkingView.swift */; };
		3481E081295DBFEB00322363 /* Localizable.strings in Resources */ = {isa = PBXBuildFile; fileRef = 34ED0C2A28F1C6FF006C4F38 /* Localizable.strings */; };
		3481E08C295DE09100322363 /* WalutWidgetIntents.intentdefinition in Sources */ = {isa = PBXBuildFile; fileRef = 3481E08B295DE09100322363 /* WalutWidgetIntents.intentdefinition */; };
		3481E08D295DE09100322363 /* WalutWidgetIntents.intentdefinition in Sources */ = {isa = PBXBuildFile; fileRef = 3481E08B295DE09100322363 /* WalutWidgetIntents.intentdefinition */; };
		348346E9292612A3003710CA /* WidgetKit.framework in Frameworks */ = {isa = PBXBuildFile; fileRef = 348346E8292612A3003710CA /* WidgetKit.framework */; };
		348346EB292612A3003710CA /* SwiftUI.framework in Frameworks */ = {isa = PBXBuildFile; fileRef = 348346EA292612A3003710CA /* SwiftUI.framework */; };
		348346EE292612A3003710CA /* WalutWidgetBundle.swift in Sources */ = {isa = PBXBuildFile; fileRef = 348346ED292612A3003710CA /* WalutWidgetBundle.swift */; };
		348346F0292612A3003710CA /* WalutWidget.swift in Sources */ = {isa = PBXBuildFile; fileRef = 348346EF292612A3003710CA /* WalutWidget.swift */; };
		348346F2292612A4003710CA /* Assets.xcassets in Resources */ = {isa = PBXBuildFile; fileRef = 348346F1292612A4003710CA /* Assets.xcassets */; };
		348346FD2926135B003710CA /* RatesData.swift in Sources */ = {isa = PBXBuildFile; fileRef = 3498CC9328F4502200961C61 /* RatesData.swift */; };
		348346FE2926135E003710CA /* TimeSeriesData.swift in Sources */ = {isa = PBXBuildFile; fileRef = 3498CC9528F4504900961C61 /* TimeSeriesData.swift */; };
		348346FF29261DAF003710CA /* Currency.swift in Sources */ = {isa = PBXBuildFile; fileRef = 34A2347328F061D700C81292 /* Currency.swift */; };
		348347022926245E003710CA /* WalutWidgetExtension.appex in Embed Foundation Extensions */ = {isa = PBXBuildFile; fileRef = 348346E7292612A3003710CA /* WalutWidgetExtension.appex */; settings = {ATTRIBUTES = (RemoveHeadersOnCopy, ); }; };
		3483639E290D28D5000DA0DB /* ChartToShare.swift in Sources */ = {isa = PBXBuildFile; fileRef = 3483639D290D28D5000DA0DB /* ChartToShare.swift */; };
		34890F5C2914E6460059B5C3 /* ThanksView.swift in Sources */ = {isa = PBXBuildFile; fileRef = 34890F5B2914E6460059B5C3 /* ThanksView.swift */; };
		348CE6EF2951E32400E89078 /* Sorting.swift in Sources */ = {isa = PBXBuildFile; fileRef = 348CE6EE2951E32400E89078 /* Sorting.swift */; };
		348D08E32A1C9C400047BEFF /* ChartButtons.swift in Sources */ = {isa = PBXBuildFile; fileRef = 348D08E22A1C9C400047BEFF /* ChartButtons.swift */; };
		348D08E72A1CA7D00047BEFF /* ChartRange.swift in Sources */ = {isa = PBXBuildFile; fileRef = 348D08E62A1CA7D00047BEFF /* ChartRange.swift */; };
		348D08E82A1CA7D00047BEFF /* ChartRange.swift in Sources */ = {isa = PBXBuildFile; fileRef = 348D08E62A1CA7D00047BEFF /* ChartRange.swift */; };
		348D08E92A1CA7D00047BEFF /* ChartRange.swift in Sources */ = {isa = PBXBuildFile; fileRef = 348D08E62A1CA7D00047BEFF /* ChartRange.swift */; };
		3490185F29BE315A00DD1D53 /* SettingsView.swift in Sources */ = {isa = PBXBuildFile; fileRef = 3490185E29BE315A00DD1D53 /* SettingsView.swift */; };
		3498532828F57029003E0FC9 /* SettingsView.swift in Sources */ = {isa = PBXBuildFile; fileRef = 3498532728F57029003E0FC9 /* SettingsView.swift */; };
		3498532A28F570A2003E0FC9 /* SettingsViewModel.swift in Sources */ = {isa = PBXBuildFile; fileRef = 3498532928F570A2003E0FC9 /* SettingsViewModel.swift */; };
		3498CC9428F4502200961C61 /* RatesData.swift in Sources */ = {isa = PBXBuildFile; fileRef = 3498CC9328F4502200961C61 /* RatesData.swift */; };
		3498CC9628F4504900961C61 /* TimeSeriesData.swift in Sources */ = {isa = PBXBuildFile; fileRef = 3498CC9528F4504900961C61 /* TimeSeriesData.swift */; };
		349E3F7828FEAFDE004831E2 /* ProfileView.swift in Sources */ = {isa = PBXBuildFile; fileRef = 349E3F7728FEAFDE004831E2 /* ProfileView.swift */; };
		349E3F7A28FEB108004831E2 /* ProfileViewModel.swift in Sources */ = {isa = PBXBuildFile; fileRef = 349E3F7928FEB108004831E2 /* ProfileViewModel.swift */; };
		34A2346028F05B5C00C81292 /* WalutApp.swift in Sources */ = {isa = PBXBuildFile; fileRef = 34A2345F28F05B5C00C81292 /* WalutApp.swift */; };
		34A2346428F05B5D00C81292 /* Assets.xcassets in Resources */ = {isa = PBXBuildFile; fileRef = 34A2346328F05B5D00C81292 /* Assets.xcassets */; };
		34A2346728F05B5D00C81292 /* Preview Assets.xcassets in Resources */ = {isa = PBXBuildFile; fileRef = 34A2346628F05B5D00C81292 /* Preview Assets.xcassets */; };
		34A2346E28F05BAE00C81292 /* BasePickerView.swift in Sources */ = {isa = PBXBuildFile; fileRef = 34A2346D28F05BAE00C81292 /* BasePickerView.swift */; };
		34A2347028F05C3B00C81292 /* BasePickerViewModel.swift in Sources */ = {isa = PBXBuildFile; fileRef = 34A2346F28F05C3B00C81292 /* BasePickerViewModel.swift */; };
		34A2347428F061D700C81292 /* Currency.swift in Sources */ = {isa = PBXBuildFile; fileRef = 34A2347328F061D700C81292 /* Currency.swift */; };
		34BD793229A75708005E2B85 /* CurrencyCalcView.swift in Sources */ = {isa = PBXBuildFile; fileRef = 34BD793129A75708005E2B85 /* CurrencyCalcView.swift */; };
		34C85A672A1E23FB00FB7B03 /* Sorting.swift in Sources */ = {isa = PBXBuildFile; fileRef = 348CE6EE2951E32400E89078 /* Sorting.swift */; };
		34C85A682A1E240D00FB7B03 /* SortViewModel.swift in Sources */ = {isa = PBXBuildFile; fileRef = 34D5AFEA2951B6550043B72A /* SortViewModel.swift */; };
		34C85A692A1E241500FB7B03 /* SortView.swift in Sources */ = {isa = PBXBuildFile; fileRef = 34D5AFE82951B25C0043B72A /* SortView.swift */; };
		34C85A6A2A1E247100FB7B03 /* SharedDataManager.swift in Sources */ = {isa = PBXBuildFile; fileRef = 34ED0C2028F17592006C4F38 /* SharedDataManager.swift */; };
		34C85A6B2A1E263A00FB7B03 /* CurrencyListViewModel.swift in Sources */ = {isa = PBXBuildFile; fileRef = 344A71EA292C13200065F689 /* CurrencyListViewModel.swift */; };
		34CAB492290F11CA00D877E5 /* FavoritesView.swift in Sources */ = {isa = PBXBuildFile; fileRef = 34CAB491290F11CA00D877E5 /* FavoritesView.swift */; };
		34CAB494290F128100D877E5 /* FavoritesViewModel.swift in Sources */ = {isa = PBXBuildFile; fileRef = 34CAB493290F128100D877E5 /* FavoritesViewModel.swift */; };
		34D3A43B29B0956300292518 /* Roadmap in Frameworks */ = {isa = PBXBuildFile; productRef = 34D3A43A29B0956300292518 /* Roadmap */; };
		34D3A43D29B095B200292518 /* FeatureRoadmapView.swift in Sources */ = {isa = PBXBuildFile; fileRef = 34D3A43C29B095B200292518 /* FeatureRoadmapView.swift */; };
		34D4AD872997EB2900EFD2A7 /* ZAR@3x.png in Resources */ = {isa = PBXBuildFile; fileRef = 34D4AD392997EB2900EFD2A7 /* ZAR@3x.png */; };
		34D4AD882997EB2900EFD2A7 /* EUR@3x.png in Resources */ = {isa = PBXBuildFile; fileRef = 34D4AD3A2997EB2900EFD2A7 /* EUR@3x.png */; };
		34D4AD892997EB2900EFD2A7 /* NOK@2x.png in Resources */ = {isa = PBXBuildFile; fileRef = 34D4AD3B2997EB2900EFD2A7 /* NOK@2x.png */; };
		34D4AD8A2997EB2900EFD2A7 /* ILS@3x.png in Resources */ = {isa = PBXBuildFile; fileRef = 34D4AD3C2997EB2900EFD2A7 /* ILS@3x.png */; };
		34D4AD8B2997EB2900EFD2A7 /* PHP@2x.png in Resources */ = {isa = PBXBuildFile; fileRef = 34D4AD3D2997EB2900EFD2A7 /* PHP@2x.png */; };
		34D4AD8C2997EB2900EFD2A7 /* CNY@2x.png in Resources */ = {isa = PBXBuildFile; fileRef = 34D4AD3E2997EB2900EFD2A7 /* CNY@2x.png */; };
		34D4AD8D2997EB2900EFD2A7 /* GBP@1x.png in Resources */ = {isa = PBXBuildFile; fileRef = 34D4AD3F2997EB2900EFD2A7 /* GBP@1x.png */; };
		34D4AD8E2997EB2900EFD2A7 /* CNY@3x.png in Resources */ = {isa = PBXBuildFile; fileRef = 34D4AD402997EB2900EFD2A7 /* CNY@3x.png */; };
		34D4AD8F2997EB2900EFD2A7 /* DKK@1x.png in Resources */ = {isa = PBXBuildFile; fileRef = 34D4AD412997EB2900EFD2A7 /* DKK@1x.png */; };
		34D4AD902997EB2900EFD2A7 /* SEK@1x.png in Resources */ = {isa = PBXBuildFile; fileRef = 34D4AD422997EB2900EFD2A7 /* SEK@1x.png */; };
		34D4AD912997EB2900EFD2A7 /* PHP@3x.png in Resources */ = {isa = PBXBuildFile; fileRef = 34D4AD432997EB2900EFD2A7 /* PHP@3x.png */; };
		34D4AD922997EB2900EFD2A7 /* ILS@2x.png in Resources */ = {isa = PBXBuildFile; fileRef = 34D4AD442997EB2900EFD2A7 /* ILS@2x.png */; };
		34D4AD932997EB2900EFD2A7 /* UAH@1x.png in Resources */ = {isa = PBXBuildFile; fileRef = 34D4AD452997EB2900EFD2A7 /* UAH@1x.png */; };
		34D4AD942997EB2900EFD2A7 /* NOK@3x.png in Resources */ = {isa = PBXBuildFile; fileRef = 34D4AD462997EB2900EFD2A7 /* NOK@3x.png */; };
		34D4AD952997EB2900EFD2A7 /* EUR@2x.png in Resources */ = {isa = PBXBuildFile; fileRef = 34D4AD472997EB2900EFD2A7 /* EUR@2x.png */; };
		34D4AD962997EB2900EFD2A7 /* ZAR@2x.png in Resources */ = {isa = PBXBuildFile; fileRef = 34D4AD482997EB2900EFD2A7 /* ZAR@2x.png */; };
		34D4AD972997EB2900EFD2A7 /* RUB@1x.png in Resources */ = {isa = PBXBuildFile; fileRef = 34D4AD492997EB2900EFD2A7 /* RUB@1x.png */; };
		34D4AD982997EB2900EFD2A7 /* INR@1x.png in Resources */ = {isa = PBXBuildFile; fileRef = 34D4AD4A2997EB2900EFD2A7 /* INR@1x.png */; };
		34D4AD992997EB2900EFD2A7 /* JPY@1x.png in Resources */ = {isa = PBXBuildFile; fileRef = 34D4AD4B2997EB2900EFD2A7 /* JPY@1x.png */; };
		34D4AD9A2997EB2900EFD2A7 /* CHF@3x.png in Resources */ = {isa = PBXBuildFile; fileRef = 34D4AD4C2997EB2900EFD2A7 /* CHF@3x.png */; };
		34D4AD9B2997EB2900EFD2A7 /* MYR@3x.png in Resources */ = {isa = PBXBuildFile; fileRef = 34D4AD4D2997EB2900EFD2A7 /* MYR@3x.png */; };
		34D4AD9C2997EB2900EFD2A7 /* CZK@3x.png in Resources */ = {isa = PBXBuildFile; fileRef = 34D4AD4E2997EB2900EFD2A7 /* CZK@3x.png */; };
		34D4AD9D2997EB2900EFD2A7 /* RON@3x.png in Resources */ = {isa = PBXBuildFile; fileRef = 34D4AD4F2997EB2900EFD2A7 /* RON@3x.png */; };
		34D4AD9E2997EB2900EFD2A7 /* HRK@2x.png in Resources */ = {isa = PBXBuildFile; fileRef = 34D4AD502997EB2900EFD2A7 /* HRK@2x.png */; };
		34D4AD9F2997EB2900EFD2A7 /* HUF@2x.png in Resources */ = {isa = PBXBuildFile; fileRef = 34D4AD512997EB2900EFD2A7 /* HUF@2x.png */; };
		34D4ADA02997EB2900EFD2A7 /* BGN@1x.png in Resources */ = {isa = PBXBuildFile; fileRef = 34D4AD522997EB2900EFD2A7 /* BGN@1x.png */; };
		34D4ADA12997EB2900EFD2A7 /* TRY@1x.png in Resources */ = {isa = PBXBuildFile; fileRef = 34D4AD532997EB2900EFD2A7 /* TRY@1x.png */; };
		34D4ADA22997EB2900EFD2A7 /* PLN@1x.png in Resources */ = {isa = PBXBuildFile; fileRef = 34D4AD542997EB2900EFD2A7 /* PLN@1x.png */; };
		34D4ADA32997EB2900EFD2A7 /* KRW@1x.png in Resources */ = {isa = PBXBuildFile; fileRef = 34D4AD552997EB2900EFD2A7 /* KRW@1x.png */; };
		34D4ADA42997EB2900EFD2A7 /* BRL@1x.png in Resources */ = {isa = PBXBuildFile; fileRef = 34D4AD562997EB2900EFD2A7 /* BRL@1x.png */; };
		34D4ADA52997EB2900EFD2A7 /* HUF@3x.png in Resources */ = {isa = PBXBuildFile; fileRef = 34D4AD572997EB2900EFD2A7 /* HUF@3x.png */; };
		34D4ADA62997EB2900EFD2A7 /* RON@2x.png in Resources */ = {isa = PBXBuildFile; fileRef = 34D4AD582997EB2900EFD2A7 /* RON@2x.png */; };
		34D4ADA72997EB2900EFD2A7 /* HRK@3x.png in Resources */ = {isa = PBXBuildFile; fileRef = 34D4AD592997EB2900EFD2A7 /* HRK@3x.png */; };
		34D4ADA82997EB2900EFD2A7 /* CZK@2x.png in Resources */ = {isa = PBXBuildFile; fileRef = 34D4AD5A2997EB2900EFD2A7 /* CZK@2x.png */; };
		34D4ADA92997EB2900EFD2A7 /* THB@1x.png in Resources */ = {isa = PBXBuildFile; fileRef = 34D4AD5B2997EB2900EFD2A7 /* THB@1x.png */; };
		34D4ADAA2997EB2900EFD2A7 /* IDR@1x.png in Resources */ = {isa = PBXBuildFile; fileRef = 34D4AD5C2997EB2900EFD2A7 /* IDR@1x.png */; };
		34D4ADAB2997EB2900EFD2A7 /* MYR@2x.png in Resources */ = {isa = PBXBuildFile; fileRef = 34D4AD5D2997EB2900EFD2A7 /* MYR@2x.png */; };
		34D4ADAC2997EB2900EFD2A7 /* CHF@2x.png in Resources */ = {isa = PBXBuildFile; fileRef = 34D4AD5E2997EB2900EFD2A7 /* CHF@2x.png */; };
		34D4ADAD2997EB2900EFD2A7 /* RON@1x.png in Resources */ = {isa = PBXBuildFile; fileRef = 34D4AD5F2997EB2900EFD2A7 /* RON@1x.png */; };
		34D4ADAE2997EB2900EFD2A7 /* CZK@1x.png in Resources */ = {isa = PBXBuildFile; fileRef = 34D4AD602997EB2900EFD2A7 /* CZK@1x.png */; };
		34D4ADAF2997EB2900EFD2A7 /* THB@2x.png in Resources */ = {isa = PBXBuildFile; fileRef = 34D4AD612997EB2900EFD2A7 /* THB@2x.png */; };
		34D4ADB02997EB2900EFD2A7 /* MYR@1x.png in Resources */ = {isa = PBXBuildFile; fileRef = 34D4AD622997EB2900EFD2A7 /* MYR@1x.png */; };
		34D4ADB12997EB2900EFD2A7 /* IDR@2x.png in Resources */ = {isa = PBXBuildFile; fileRef = 34D4AD632997EB2900EFD2A7 /* IDR@2x.png */; };
		34D4ADB22997EB2900EFD2A7 /* CHF@1x.png in Resources */ = {isa = PBXBuildFile; fileRef = 34D4AD642997EB2900EFD2A7 /* CHF@1x.png */; };
		34D4ADB32997EB2900EFD2A7 /* BGN@3x.png in Resources */ = {isa = PBXBuildFile; fileRef = 34D4AD652997EB2900EFD2A7 /* BGN@3x.png */; };
		34D4ADB42997EB2900EFD2A7 /* TRY@2x.png in Resources */ = {isa = PBXBuildFile; fileRef = 34D4AD662997EB2900EFD2A7 /* TRY@2x.png */; };
		34D4ADB52997EB2900EFD2A7 /* PLN@2x.png in Resources */ = {isa = PBXBuildFile; fileRef = 34D4AD672997EB2900EFD2A7 /* PLN@2x.png */; };
		34D4ADB62997EB2900EFD2A7 /* KRW@2x.png in Resources */ = {isa = PBXBuildFile; fileRef = 34D4AD682997EB2900EFD2A7 /* KRW@2x.png */; };
		34D4ADB72997EB2900EFD2A7 /* BRL@2x.png in Resources */ = {isa = PBXBuildFile; fileRef = 34D4AD692997EB2900EFD2A7 /* BRL@2x.png */; };
		34D4ADB82997EB2900EFD2A7 /* BRL@3x.png in Resources */ = {isa = PBXBuildFile; fileRef = 34D4AD6A2997EB2900EFD2A7 /* BRL@3x.png */; };
		34D4ADB92997EB2900EFD2A7 /* KRW@3x.png in Resources */ = {isa = PBXBuildFile; fileRef = 34D4AD6B2997EB2900EFD2A7 /* KRW@3x.png */; };
		34D4ADBA2997EB2900EFD2A7 /* PLN@3x.png in Resources */ = {isa = PBXBuildFile; fileRef = 34D4AD6C2997EB2900EFD2A7 /* PLN@3x.png */; };
		34D4ADBB2997EB2900EFD2A7 /* TRY@3x.png in Resources */ = {isa = PBXBuildFile; fileRef = 34D4AD6D2997EB2900EFD2A7 /* TRY@3x.png */; };
		34D4ADBC2997EB2900EFD2A7 /* BGN@2x.png in Resources */ = {isa = PBXBuildFile; fileRef = 34D4AD6E2997EB2900EFD2A7 /* BGN@2x.png */; };
		34D4ADBD2997EB2900EFD2A7 /* IDR@3x.png in Resources */ = {isa = PBXBuildFile; fileRef = 34D4AD6F2997EB2900EFD2A7 /* IDR@3x.png */; };
		34D4ADBE2997EB2900EFD2A7 /* THB@3x.png in Resources */ = {isa = PBXBuildFile; fileRef = 34D4AD702997EB2900EFD2A7 /* THB@3x.png */; };
		34D4ADBF2997EB2900EFD2A7 /* HRK@1x.png in Resources */ = {isa = PBXBuildFile; fileRef = 34D4AD712997EB2900EFD2A7 /* HRK@1x.png */; };
		34D4ADC02997EB2900EFD2A7 /* HUF@1x.png in Resources */ = {isa = PBXBuildFile; fileRef = 34D4AD722997EB2900EFD2A7 /* HUF@1x.png */; };
		34D4ADC12997EB2900EFD2A7 /* SEK@2x.png in Resources */ = {isa = PBXBuildFile; fileRef = 34D4AD732997EB2900EFD2A7 /* SEK@2x.png */; };
		34D4ADC22997EB2900EFD2A7 /* ILS@1x.png in Resources */ = {isa = PBXBuildFile; fileRef = 34D4AD742997EB2900EFD2A7 /* ILS@1x.png */; };
		34D4ADC32997EB2900EFD2A7 /* UAH@2x.png in Resources */ = {isa = PBXBuildFile; fileRef = 34D4AD752997EB2900EFD2A7 /* UAH@2x.png */; };
		34D4ADC42997EB2900EFD2A7 /* EUR@1x.png in Resources */ = {isa = PBXBuildFile; fileRef = 34D4AD762997EB2900EFD2A7 /* EUR@1x.png */; };
		34D4ADC52997EB2900EFD2A7 /* ZAR@1x.png in Resources */ = {isa = PBXBuildFile; fileRef = 34D4AD772997EB2900EFD2A7 /* ZAR@1x.png */; };
		34D4ADC62997EB2900EFD2A7 /* RUB@2x.png in Resources */ = {isa = PBXBuildFile; fileRef = 34D4AD782997EB2900EFD2A7 /* RUB@2x.png */; };
		34D4ADC72997EB2900EFD2A7 /* INR@2x.png in Resources */ = {isa = PBXBuildFile; fileRef = 34D4AD792997EB2900EFD2A7 /* INR@2x.png */; };
		34D4ADC82997EB2900EFD2A7 /* JPY@2x.png in Resources */ = {isa = PBXBuildFile; fileRef = 34D4AD7A2997EB2900EFD2A7 /* JPY@2x.png */; };
		34D4ADC92997EB2900EFD2A7 /* GBP@2x.png in Resources */ = {isa = PBXBuildFile; fileRef = 34D4AD7B2997EB2900EFD2A7 /* GBP@2x.png */; };
		34D4ADCA2997EB2900EFD2A7 /* DKK@2x.png in Resources */ = {isa = PBXBuildFile; fileRef = 34D4AD7C2997EB2900EFD2A7 /* DKK@2x.png */; };
		34D4ADCB2997EB2900EFD2A7 /* DKK@3x.png in Resources */ = {isa = PBXBuildFile; fileRef = 34D4AD7D2997EB2900EFD2A7 /* DKK@3x.png */; };
		34D4ADCC2997EB2900EFD2A7 /* CNY@1x.png in Resources */ = {isa = PBXBuildFile; fileRef = 34D4AD7E2997EB2900EFD2A7 /* CNY@1x.png */; };
		34D4ADCD2997EB2900EFD2A7 /* GBP@3x.png in Resources */ = {isa = PBXBuildFile; fileRef = 34D4AD7F2997EB2900EFD2A7 /* GBP@3x.png */; };
		34D4ADCE2997EB2900EFD2A7 /* JPY@3x.png in Resources */ = {isa = PBXBuildFile; fileRef = 34D4AD802997EB2900EFD2A7 /* JPY@3x.png */; };
		34D4ADCF2997EB2900EFD2A7 /* INR@3x.png in Resources */ = {isa = PBXBuildFile; fileRef = 34D4AD812997EB2900EFD2A7 /* INR@3x.png */; };
		34D4ADD02997EB2900EFD2A7 /* RUB@3x.png in Resources */ = {isa = PBXBuildFile; fileRef = 34D4AD822997EB2900EFD2A7 /* RUB@3x.png */; };
		34D4ADD12997EB2900EFD2A7 /* NOK@1x.png in Resources */ = {isa = PBXBuildFile; fileRef = 34D4AD832997EB2900EFD2A7 /* NOK@1x.png */; };
		34D4ADD22997EB2900EFD2A7 /* UAH@3x.png in Resources */ = {isa = PBXBuildFile; fileRef = 34D4AD842997EB2900EFD2A7 /* UAH@3x.png */; };
		34D4ADD32997EB2900EFD2A7 /* PHP@1x.png in Resources */ = {isa = PBXBuildFile; fileRef = 34D4AD852997EB2900EFD2A7 /* PHP@1x.png */; };
		34D4ADD42997EB2900EFD2A7 /* SEK@3x.png in Resources */ = {isa = PBXBuildFile; fileRef = 34D4AD862997EB2900EFD2A7 /* SEK@3x.png */; };
		34D5AFE92951B25C0043B72A /* SortView.swift in Sources */ = {isa = PBXBuildFile; fileRef = 34D5AFE82951B25C0043B72A /* SortView.swift */; };
		34D5AFEB2951B6550043B72A /* SortViewModel.swift in Sources */ = {isa = PBXBuildFile; fileRef = 34D5AFEA2951B6550043B72A /* SortViewModel.swift */; };
		34DC74BD2998DE140042F968 /* CurrencyChartView.swift in Sources */ = {isa = PBXBuildFile; fileRef = 34DC74BC2998DE140042F968 /* CurrencyChartView.swift */; };
		34DC74BF299983250042F968 /* CurrencyChartViewModel.swift in Sources */ = {isa = PBXBuildFile; fileRef = 34DC74BE299983250042F968 /* CurrencyChartViewModel.swift */; };
		34DDC4CA29B28796002F76EF /* HelloView.swift in Sources */ = {isa = PBXBuildFile; fileRef = 34DDC4C929B28796002F76EF /* HelloView.swift */; };
		34DDC4CC29B292BB002F76EF /* OnboardingCell.swift in Sources */ = {isa = PBXBuildFile; fileRef = 34DDC4CB29B292BB002F76EF /* OnboardingCell.swift */; };
		34E0A201292CFCDB00EF3CBC /* NetworkManager.swift in Sources */ = {isa = PBXBuildFile; fileRef = 34ED0C1A28F172A6006C4F38 /* NetworkManager.swift */; };
		34E0A203292CFD3C00EF3CBC /* CurrencyData.swift in Sources */ = {isa = PBXBuildFile; fileRef = 34ED0C1E28F1751C006C4F38 /* CurrencyData.swift */; };
		34ED0C1B28F172A6006C4F38 /* NetworkManager.swift in Sources */ = {isa = PBXBuildFile; fileRef = 34ED0C1A28F172A6006C4F38 /* NetworkManager.swift */; };
		34ED0C1F28F1751C006C4F38 /* CurrencyData.swift in Sources */ = {isa = PBXBuildFile; fileRef = 34ED0C1E28F1751C006C4F38 /* CurrencyData.swift */; };
		34ED0C2128F17592006C4F38 /* SharedDataManager.swift in Sources */ = {isa = PBXBuildFile; fileRef = 34ED0C2028F17592006C4F38 /* SharedDataManager.swift */; };
		34ED0C2328F1C24F006C4F38 /* ViewManagingView.swift in Sources */ = {isa = PBXBuildFile; fileRef = 34ED0C2228F1C24F006C4F38 /* ViewManagingView.swift */; };
		34ED0C2828F1C6FF006C4F38 /* Localizable.strings in Resources */ = {isa = PBXBuildFile; fileRef = 34ED0C2A28F1C6FF006C4F38 /* Localizable.strings */; };
		34EF3EBF29BDC3FE00CFAEDA /* BasePickerView.swift in Sources */ = {isa = PBXBuildFile; fileRef = 34EF3EBE29BDC3FE00CFAEDA /* BasePickerView.swift */; };
		34EF3EC129BDC57D00CFAEDA /* BasePickerViewModel.swift in Sources */ = {isa = PBXBuildFile; fileRef = 34EF3EC029BDC57D00CFAEDA /* BasePickerViewModel.swift */; };
		34EF3EC229BDC7E700CFAEDA /* Localizable.strings in Resources */ = {isa = PBXBuildFile; fileRef = 34ED0C2A28F1C6FF006C4F38 /* Localizable.strings */; };
		34EFF37F29E7E5FF0053F60D /* RectangularView.swift in Sources */ = {isa = PBXBuildFile; fileRef = 34EFF37E29E7E5FF0053F60D /* RectangularView.swift */; };
		34F4A54629BF34DD009E2583 /* WalutWatch Watch App.app in Embed Watch Content */ = {isa = PBXBuildFile; fileRef = 346C7A2029BD19020023DE23 /* WalutWatch Watch App.app */; settings = {ATTRIBUTES = (RemoveHeadersOnCopy, ); }; };
/* End PBXBuildFile section */

/* Begin PBXContainerItemProxy section */
		3483470029262447003710CA /* PBXContainerItemProxy */ = {
			isa = PBXContainerItemProxy;
			containerPortal = 34A2345428F05B5C00C81292 /* Project object */;
			proxyType = 1;
			remoteGlobalIDString = 348346E6292612A3003710CA;
			remoteInfo = WalutWidgetExtension;
		};
		34F4A54729BF34DD009E2583 /* PBXContainerItemProxy */ = {
			isa = PBXContainerItemProxy;
			containerPortal = 34A2345428F05B5C00C81292 /* Project object */;
			proxyType = 1;
			remoteGlobalIDString = 346C7A1F29BD19020023DE23;
			remoteInfo = "WalutWatch Watch App";
		};
/* End PBXContainerItemProxy section */

/* Begin PBXCopyFilesBuildPhase section */
		346C7A3129BD19160023DE23 /* Embed Watch Content */ = {
			isa = PBXCopyFilesBuildPhase;
			buildActionMask = 2147483647;
			dstPath = "$(CONTENTS_FOLDER_PATH)/Watch";
			dstSubfolderSpec = 16;
			files = (
				34F4A54629BF34DD009E2583 /* WalutWatch Watch App.app in Embed Watch Content */,
			);
			name = "Embed Watch Content";
			runOnlyForDeploymentPostprocessing = 0;
		};
		348346F7292612A4003710CA /* Embed Foundation Extensions */ = {
			isa = PBXCopyFilesBuildPhase;
			buildActionMask = 12;
			dstPath = "";
			dstSubfolderSpec = 13;
			files = (
				348347022926245E003710CA /* WalutWidgetExtension.appex in Embed Foundation Extensions */,
			);
			name = "Embed Foundation Extensions";
			runOnlyForDeploymentPostprocessing = 0;
		};
/* End PBXCopyFilesBuildPhase section */

/* Begin PBXFileReference section */
		341CF6232913BCB40012FA5B /* StoreKit.framework */ = {isa = PBXFileReference; lastKnownFileType = wrapper.framework; name = StoreKit.framework; path = System/Library/Frameworks/StoreKit.framework; sourceTree = SDKROOT; };
		341CF625291430B40012FA5B /* SupportDevView.swift */ = {isa = PBXFileReference; lastKnownFileType = sourcecode.swift; path = SupportDevView.swift; sourceTree = "<group>"; };
		341CF627291431930012FA5B /* SupportDevViewModel.swift */ = {isa = PBXFileReference; lastKnownFileType = sourcecode.swift; path = SupportDevViewModel.swift; sourceTree = "<group>"; };
		341DFC09295DAFAF00BDCBDB /* PercentView.swift */ = {isa = PBXFileReference; lastKnownFileType = sourcecode.swift; path = PercentView.swift; sourceTree = "<group>"; };
		341DFC0B295DB42100BDCBDB /* MockData.swift */ = {isa = PBXFileReference; lastKnownFileType = sourcecode.swift; path = MockData.swift; sourceTree = "<group>"; };
		341DFC0D295DB44300BDCBDB /* WidgetChartView.swift */ = {isa = PBXFileReference; lastKnownFileType = sourcecode.swift; path = WidgetChartView.swift; sourceTree = "<group>"; };
		3420F49E2AC557770059E40E /* NetworkMonitor.swift */ = {isa = PBXFileReference; fileEncoding = 4; lastKnownFileType = sourcecode.swift; path = NetworkMonitor.swift; sourceTree = "<group>"; };
		342A047C290A5B7B00C10652 /* HelloViewModel.swift */ = {isa = PBXFileReference; lastKnownFileType = sourcecode.swift; path = HelloViewModel.swift; sourceTree = "<group>"; };
		342D433928F7E37F001C69AD /* CurrencyCell.swift */ = {isa = PBXFileReference; lastKnownFileType = sourcecode.swift; path = CurrencyCell.swift; sourceTree = "<group>"; };
		3441ABD728F1709F009528FD /* CurrencyListView.swift */ = {isa = PBXFileReference; lastKnownFileType = sourcecode.swift; path = CurrencyListView.swift; sourceTree = "<group>"; };
		3443E4C92962D58400749277 /* DatePickView.swift */ = {isa = PBXFileReference; lastKnownFileType = sourcecode.swift; path = DatePickView.swift; sourceTree = "<group>"; };
		3443E4CB2962D6C900749277 /* DatePickViewModel.swift */ = {isa = PBXFileReference; lastKnownFileType = sourcecode.swift; path = DatePickViewModel.swift; sourceTree = "<group>"; };
		3447F7E628F0BB3F00B59B25 /* AppIcon.swift */ = {isa = PBXFileReference; lastKnownFileType = sourcecode.swift; path = AppIcon.swift; sourceTree = "<group>"; };
		3447F7EB28F0BE4800B59B25 /* Info.plist */ = {isa = PBXFileReference; lastKnownFileType = text.plist; path = Info.plist; sourceTree = "<group>"; };
		344A71EA292C13200065F689 /* CurrencyListViewModel.swift */ = {isa = PBXFileReference; lastKnownFileType = sourcecode.swift; path = CurrencyListViewModel.swift; sourceTree = "<group>"; };
		344E9986295ED7A200921DBC /* LoadingCell.swift */ = {isa = PBXFileReference; lastKnownFileType = sourcecode.swift; path = LoadingCell.swift; sourceTree = "<group>"; };
		345D49B629B1D51D00C6E1EB /* CurrencyCalcViewModel.swift */ = {isa = PBXFileReference; fileEncoding = 4; lastKnownFileType = sourcecode.swift; path = CurrencyCalcViewModel.swift; sourceTree = "<group>"; };
		346C7A2029BD19020023DE23 /* WalutWatch Watch App.app */ = {isa = PBXFileReference; explicitFileType = wrapper.application; includeInIndex = 0; path = "WalutWatch Watch App.app"; sourceTree = BUILT_PRODUCTS_DIR; };
		346C7A2229BD19020023DE23 /* WalutWatchApp.swift */ = {isa = PBXFileReference; lastKnownFileType = sourcecode.swift; path = WalutWatchApp.swift; sourceTree = "<group>"; };
		346C7A2429BD19020023DE23 /* ContentView.swift */ = {isa = PBXFileReference; lastKnownFileType = sourcecode.swift; path = ContentView.swift; sourceTree = "<group>"; };
		346C7A2629BD19030023DE23 /* Assets.xcassets */ = {isa = PBXFileReference; lastKnownFileType = folder.assetcatalog; path = Assets.xcassets; sourceTree = "<group>"; };
		346C7A2929BD19030023DE23 /* Preview Assets.xcassets */ = {isa = PBXFileReference; lastKnownFileType = folder.assetcatalog; path = "Preview Assets.xcassets"; sourceTree = "<group>"; };
		346C7A4029BD1A9F0023DE23 /* CurrencyCell.swift */ = {isa = PBXFileReference; lastKnownFileType = sourcecode.swift; path = CurrencyCell.swift; sourceTree = "<group>"; };
		346C7A4229BD1AEB0023DE23 /* CurrencyListView.swift */ = {isa = PBXFileReference; lastKnownFileType = sourcecode.swift; path = CurrencyListView.swift; sourceTree = "<group>"; };
		346C7A4429BD1DE30023DE23 /* WalutWatch-Watch-App-Info.plist */ = {isa = PBXFileReference; lastKnownFileType = text.plist; path = "WalutWatch-Watch-App-Info.plist"; sourceTree = SOURCE_ROOT; };
		347514972919A55A0092864A /* Configuration.storekit */ = {isa = PBXFileReference; fileEncoding = 4; lastKnownFileType = text; path = Configuration.storekit; sourceTree = "<group>"; };
		347D44B72AC8B5C30099C473 /* NotWorkingView.swift */ = {isa = PBXFileReference; lastKnownFileType = sourcecode.swift; path = NotWorkingView.swift; sourceTree = "<group>"; };
		3481E08B295DE09100322363 /* WalutWidgetIntents.intentdefinition */ = {isa = PBXFileReference; lastKnownFileType = file.intentdefinition; path = WalutWidgetIntents.intentdefinition; sourceTree = "<group>"; };
		348346E7292612A3003710CA /* WalutWidgetExtension.appex */ = {isa = PBXFileReference; explicitFileType = "wrapper.app-extension"; includeInIndex = 0; path = WalutWidgetExtension.appex; sourceTree = BUILT_PRODUCTS_DIR; };
		348346E8292612A3003710CA /* WidgetKit.framework */ = {isa = PBXFileReference; lastKnownFileType = wrapper.framework; name = WidgetKit.framework; path = System/Library/Frameworks/WidgetKit.framework; sourceTree = SDKROOT; };
		348346EA292612A3003710CA /* SwiftUI.framework */ = {isa = PBXFileReference; lastKnownFileType = wrapper.framework; name = SwiftUI.framework; path = System/Library/Frameworks/SwiftUI.framework; sourceTree = SDKROOT; };
		348346ED292612A3003710CA /* WalutWidgetBundle.swift */ = {isa = PBXFileReference; lastKnownFileType = sourcecode.swift; path = WalutWidgetBundle.swift; sourceTree = "<group>"; };
		348346EF292612A3003710CA /* WalutWidget.swift */ = {isa = PBXFileReference; lastKnownFileType = sourcecode.swift; path = WalutWidget.swift; sourceTree = "<group>"; };
		348346F1292612A4003710CA /* Assets.xcassets */ = {isa = PBXFileReference; lastKnownFileType = folder.assetcatalog; path = Assets.xcassets; sourceTree = "<group>"; };
		348346F3292612A4003710CA /* Info.plist */ = {isa = PBXFileReference; lastKnownFileType = text.plist.xml; path = Info.plist; sourceTree = "<group>"; };
		3483639D290D28D5000DA0DB /* ChartToShare.swift */ = {isa = PBXFileReference; lastKnownFileType = sourcecode.swift; path = ChartToShare.swift; sourceTree = "<group>"; };
		34890F5B2914E6460059B5C3 /* ThanksView.swift */ = {isa = PBXFileReference; lastKnownFileType = sourcecode.swift; path = ThanksView.swift; sourceTree = "<group>"; };
		348CE6EE2951E32400E89078 /* Sorting.swift */ = {isa = PBXFileReference; lastKnownFileType = sourcecode.swift; path = Sorting.swift; sourceTree = "<group>"; };
		348D08E22A1C9C400047BEFF /* ChartButtons.swift */ = {isa = PBXFileReference; lastKnownFileType = sourcecode.swift; path = ChartButtons.swift; sourceTree = "<group>"; };
		348D08E62A1CA7D00047BEFF /* ChartRange.swift */ = {isa = PBXFileReference; lastKnownFileType = sourcecode.swift; path = ChartRange.swift; sourceTree = "<group>"; };
		3490185E29BE315A00DD1D53 /* SettingsView.swift */ = {isa = PBXFileReference; lastKnownFileType = sourcecode.swift; path = SettingsView.swift; sourceTree = "<group>"; };
		3498532728F57029003E0FC9 /* SettingsView.swift */ = {isa = PBXFileReference; lastKnownFileType = sourcecode.swift; path = SettingsView.swift; sourceTree = "<group>"; };
		3498532928F570A2003E0FC9 /* SettingsViewModel.swift */ = {isa = PBXFileReference; lastKnownFileType = sourcecode.swift; path = SettingsViewModel.swift; sourceTree = "<group>"; };
		3498CC9328F4502200961C61 /* RatesData.swift */ = {isa = PBXFileReference; lastKnownFileType = sourcecode.swift; path = RatesData.swift; sourceTree = "<group>"; };
		3498CC9528F4504900961C61 /* TimeSeriesData.swift */ = {isa = PBXFileReference; lastKnownFileType = sourcecode.swift; path = TimeSeriesData.swift; sourceTree = "<group>"; };
		349E3F7728FEAFDE004831E2 /* ProfileView.swift */ = {isa = PBXFileReference; lastKnownFileType = sourcecode.swift; path = ProfileView.swift; sourceTree = "<group>"; };
		349E3F7928FEB108004831E2 /* ProfileViewModel.swift */ = {isa = PBXFileReference; lastKnownFileType = sourcecode.swift; path = ProfileViewModel.swift; sourceTree = "<group>"; };
		34A2345C28F05B5C00C81292 /* Walut.app */ = {isa = PBXFileReference; explicitFileType = wrapper.application; includeInIndex = 0; path = Walut.app; sourceTree = BUILT_PRODUCTS_DIR; };
		34A2345F28F05B5C00C81292 /* WalutApp.swift */ = {isa = PBXFileReference; lastKnownFileType = sourcecode.swift; path = WalutApp.swift; sourceTree = "<group>"; };
		34A2346328F05B5D00C81292 /* Assets.xcassets */ = {isa = PBXFileReference; lastKnownFileType = folder.assetcatalog; path = Assets.xcassets; sourceTree = "<group>"; };
		34A2346628F05B5D00C81292 /* Preview Assets.xcassets */ = {isa = PBXFileReference; lastKnownFileType = folder.assetcatalog; path = "Preview Assets.xcassets"; sourceTree = "<group>"; };
		34A2346D28F05BAE00C81292 /* BasePickerView.swift */ = {isa = PBXFileReference; lastKnownFileType = sourcecode.swift; path = BasePickerView.swift; sourceTree = "<group>"; };
		34A2346F28F05C3B00C81292 /* BasePickerViewModel.swift */ = {isa = PBXFileReference; lastKnownFileType = sourcecode.swift; path = BasePickerViewModel.swift; sourceTree = "<group>"; };
		34A2347328F061D700C81292 /* Currency.swift */ = {isa = PBXFileReference; lastKnownFileType = sourcecode.swift; path = Currency.swift; sourceTree = "<group>"; };
		34A5A6B0292002A000613135 /* README.md */ = {isa = PBXFileReference; lastKnownFileType = net.daringfireball.markdown; path = README.md; sourceTree = "<group>"; };
		34BD793129A75708005E2B85 /* CurrencyCalcView.swift */ = {isa = PBXFileReference; lastKnownFileType = sourcecode.swift; path = CurrencyCalcView.swift; sourceTree = "<group>"; };
		34CAB491290F11CA00D877E5 /* FavoritesView.swift */ = {isa = PBXFileReference; lastKnownFileType = sourcecode.swift; path = FavoritesView.swift; sourceTree = "<group>"; };
		34CAB493290F128100D877E5 /* FavoritesViewModel.swift */ = {isa = PBXFileReference; lastKnownFileType = sourcecode.swift; path = FavoritesViewModel.swift; sourceTree = "<group>"; };
		34D3A43C29B095B200292518 /* FeatureRoadmapView.swift */ = {isa = PBXFileReference; lastKnownFileType = sourcecode.swift; path = FeatureRoadmapView.swift; sourceTree = "<group>"; };
		34D4AD392997EB2900EFD2A7 /* ZAR@3x.png */ = {isa = PBXFileReference; lastKnownFileType = image.png; path = "ZAR@3x.png"; sourceTree = "<group>"; };
		34D4AD3A2997EB2900EFD2A7 /* EUR@3x.png */ = {isa = PBXFileReference; lastKnownFileType = image.png; path = "EUR@3x.png"; sourceTree = "<group>"; };
		34D4AD3B2997EB2900EFD2A7 /* NOK@2x.png */ = {isa = PBXFileReference; lastKnownFileType = image.png; path = "NOK@2x.png"; sourceTree = "<group>"; };
		34D4AD3C2997EB2900EFD2A7 /* ILS@3x.png */ = {isa = PBXFileReference; lastKnownFileType = image.png; path = "ILS@3x.png"; sourceTree = "<group>"; };
		34D4AD3D2997EB2900EFD2A7 /* PHP@2x.png */ = {isa = PBXFileReference; lastKnownFileType = image.png; path = "PHP@2x.png"; sourceTree = "<group>"; };
		34D4AD3E2997EB2900EFD2A7 /* CNY@2x.png */ = {isa = PBXFileReference; lastKnownFileType = image.png; path = "CNY@2x.png"; sourceTree = "<group>"; };
		34D4AD3F2997EB2900EFD2A7 /* GBP@1x.png */ = {isa = PBXFileReference; lastKnownFileType = image.png; path = "GBP@1x.png"; sourceTree = "<group>"; };
		34D4AD402997EB2900EFD2A7 /* CNY@3x.png */ = {isa = PBXFileReference; lastKnownFileType = image.png; path = "CNY@3x.png"; sourceTree = "<group>"; };
		34D4AD412997EB2900EFD2A7 /* DKK@1x.png */ = {isa = PBXFileReference; lastKnownFileType = image.png; path = "DKK@1x.png"; sourceTree = "<group>"; };
		34D4AD422997EB2900EFD2A7 /* SEK@1x.png */ = {isa = PBXFileReference; lastKnownFileType = image.png; path = "SEK@1x.png"; sourceTree = "<group>"; };
		34D4AD432997EB2900EFD2A7 /* PHP@3x.png */ = {isa = PBXFileReference; lastKnownFileType = image.png; path = "PHP@3x.png"; sourceTree = "<group>"; };
		34D4AD442997EB2900EFD2A7 /* ILS@2x.png */ = {isa = PBXFileReference; lastKnownFileType = image.png; path = "ILS@2x.png"; sourceTree = "<group>"; };
		34D4AD452997EB2900EFD2A7 /* UAH@1x.png */ = {isa = PBXFileReference; lastKnownFileType = image.png; path = "UAH@1x.png"; sourceTree = "<group>"; };
		34D4AD462997EB2900EFD2A7 /* NOK@3x.png */ = {isa = PBXFileReference; lastKnownFileType = image.png; path = "NOK@3x.png"; sourceTree = "<group>"; };
		34D4AD472997EB2900EFD2A7 /* EUR@2x.png */ = {isa = PBXFileReference; lastKnownFileType = image.png; path = "EUR@2x.png"; sourceTree = "<group>"; };
		34D4AD482997EB2900EFD2A7 /* ZAR@2x.png */ = {isa = PBXFileReference; lastKnownFileType = image.png; path = "ZAR@2x.png"; sourceTree = "<group>"; };
		34D4AD492997EB2900EFD2A7 /* RUB@1x.png */ = {isa = PBXFileReference; lastKnownFileType = image.png; path = "RUB@1x.png"; sourceTree = "<group>"; };
		34D4AD4A2997EB2900EFD2A7 /* INR@1x.png */ = {isa = PBXFileReference; lastKnownFileType = image.png; path = "INR@1x.png"; sourceTree = "<group>"; };
		34D4AD4B2997EB2900EFD2A7 /* JPY@1x.png */ = {isa = PBXFileReference; lastKnownFileType = image.png; path = "JPY@1x.png"; sourceTree = "<group>"; };
		34D4AD4C2997EB2900EFD2A7 /* CHF@3x.png */ = {isa = PBXFileReference; lastKnownFileType = image.png; path = "CHF@3x.png"; sourceTree = "<group>"; };
		34D4AD4D2997EB2900EFD2A7 /* MYR@3x.png */ = {isa = PBXFileReference; lastKnownFileType = image.png; path = "MYR@3x.png"; sourceTree = "<group>"; };
		34D4AD4E2997EB2900EFD2A7 /* CZK@3x.png */ = {isa = PBXFileReference; lastKnownFileType = image.png; path = "CZK@3x.png"; sourceTree = "<group>"; };
		34D4AD4F2997EB2900EFD2A7 /* RON@3x.png */ = {isa = PBXFileReference; lastKnownFileType = image.png; path = "RON@3x.png"; sourceTree = "<group>"; };
		34D4AD502997EB2900EFD2A7 /* HRK@2x.png */ = {isa = PBXFileReference; lastKnownFileType = image.png; path = "HRK@2x.png"; sourceTree = "<group>"; };
		34D4AD512997EB2900EFD2A7 /* HUF@2x.png */ = {isa = PBXFileReference; lastKnownFileType = image.png; path = "HUF@2x.png"; sourceTree = "<group>"; };
		34D4AD522997EB2900EFD2A7 /* BGN@1x.png */ = {isa = PBXFileReference; lastKnownFileType = image.png; path = "BGN@1x.png"; sourceTree = "<group>"; };
		34D4AD532997EB2900EFD2A7 /* TRY@1x.png */ = {isa = PBXFileReference; lastKnownFileType = image.png; path = "TRY@1x.png"; sourceTree = "<group>"; };
		34D4AD542997EB2900EFD2A7 /* PLN@1x.png */ = {isa = PBXFileReference; lastKnownFileType = image.png; path = "PLN@1x.png"; sourceTree = "<group>"; };
		34D4AD552997EB2900EFD2A7 /* KRW@1x.png */ = {isa = PBXFileReference; lastKnownFileType = image.png; path = "KRW@1x.png"; sourceTree = "<group>"; };
		34D4AD562997EB2900EFD2A7 /* BRL@1x.png */ = {isa = PBXFileReference; lastKnownFileType = image.png; path = "BRL@1x.png"; sourceTree = "<group>"; };
		34D4AD572997EB2900EFD2A7 /* HUF@3x.png */ = {isa = PBXFileReference; lastKnownFileType = image.png; path = "HUF@3x.png"; sourceTree = "<group>"; };
		34D4AD582997EB2900EFD2A7 /* RON@2x.png */ = {isa = PBXFileReference; lastKnownFileType = image.png; path = "RON@2x.png"; sourceTree = "<group>"; };
		34D4AD592997EB2900EFD2A7 /* HRK@3x.png */ = {isa = PBXFileReference; lastKnownFileType = image.png; path = "HRK@3x.png"; sourceTree = "<group>"; };
		34D4AD5A2997EB2900EFD2A7 /* CZK@2x.png */ = {isa = PBXFileReference; lastKnownFileType = image.png; path = "CZK@2x.png"; sourceTree = "<group>"; };
		34D4AD5B2997EB2900EFD2A7 /* THB@1x.png */ = {isa = PBXFileReference; lastKnownFileType = image.png; path = "THB@1x.png"; sourceTree = "<group>"; };
		34D4AD5C2997EB2900EFD2A7 /* IDR@1x.png */ = {isa = PBXFileReference; lastKnownFileType = image.png; path = "IDR@1x.png"; sourceTree = "<group>"; };
		34D4AD5D2997EB2900EFD2A7 /* MYR@2x.png */ = {isa = PBXFileReference; lastKnownFileType = image.png; path = "MYR@2x.png"; sourceTree = "<group>"; };
		34D4AD5E2997EB2900EFD2A7 /* CHF@2x.png */ = {isa = PBXFileReference; lastKnownFileType = image.png; path = "CHF@2x.png"; sourceTree = "<group>"; };
		34D4AD5F2997EB2900EFD2A7 /* RON@1x.png */ = {isa = PBXFileReference; lastKnownFileType = image.png; path = "RON@1x.png"; sourceTree = "<group>"; };
		34D4AD602997EB2900EFD2A7 /* CZK@1x.png */ = {isa = PBXFileReference; lastKnownFileType = image.png; path = "CZK@1x.png"; sourceTree = "<group>"; };
		34D4AD612997EB2900EFD2A7 /* THB@2x.png */ = {isa = PBXFileReference; lastKnownFileType = image.png; path = "THB@2x.png"; sourceTree = "<group>"; };
		34D4AD622997EB2900EFD2A7 /* MYR@1x.png */ = {isa = PBXFileReference; lastKnownFileType = image.png; path = "MYR@1x.png"; sourceTree = "<group>"; };
		34D4AD632997EB2900EFD2A7 /* IDR@2x.png */ = {isa = PBXFileReference; lastKnownFileType = image.png; path = "IDR@2x.png"; sourceTree = "<group>"; };
		34D4AD642997EB2900EFD2A7 /* CHF@1x.png */ = {isa = PBXFileReference; lastKnownFileType = image.png; path = "CHF@1x.png"; sourceTree = "<group>"; };
		34D4AD652997EB2900EFD2A7 /* BGN@3x.png */ = {isa = PBXFileReference; lastKnownFileType = image.png; path = "BGN@3x.png"; sourceTree = "<group>"; };
		34D4AD662997EB2900EFD2A7 /* TRY@2x.png */ = {isa = PBXFileReference; lastKnownFileType = image.png; path = "TRY@2x.png"; sourceTree = "<group>"; };
		34D4AD672997EB2900EFD2A7 /* PLN@2x.png */ = {isa = PBXFileReference; lastKnownFileType = image.png; path = "PLN@2x.png"; sourceTree = "<group>"; };
		34D4AD682997EB2900EFD2A7 /* KRW@2x.png */ = {isa = PBXFileReference; lastKnownFileType = image.png; path = "KRW@2x.png"; sourceTree = "<group>"; };
		34D4AD692997EB2900EFD2A7 /* BRL@2x.png */ = {isa = PBXFileReference; lastKnownFileType = image.png; path = "BRL@2x.png"; sourceTree = "<group>"; };
		34D4AD6A2997EB2900EFD2A7 /* BRL@3x.png */ = {isa = PBXFileReference; lastKnownFileType = image.png; path = "BRL@3x.png"; sourceTree = "<group>"; };
		34D4AD6B2997EB2900EFD2A7 /* KRW@3x.png */ = {isa = PBXFileReference; lastKnownFileType = image.png; path = "KRW@3x.png"; sourceTree = "<group>"; };
		34D4AD6C2997EB2900EFD2A7 /* PLN@3x.png */ = {isa = PBXFileReference; lastKnownFileType = image.png; path = "PLN@3x.png"; sourceTree = "<group>"; };
		34D4AD6D2997EB2900EFD2A7 /* TRY@3x.png */ = {isa = PBXFileReference; lastKnownFileType = image.png; path = "TRY@3x.png"; sourceTree = "<group>"; };
		34D4AD6E2997EB2900EFD2A7 /* BGN@2x.png */ = {isa = PBXFileReference; lastKnownFileType = image.png; path = "BGN@2x.png"; sourceTree = "<group>"; };
		34D4AD6F2997EB2900EFD2A7 /* IDR@3x.png */ = {isa = PBXFileReference; lastKnownFileType = image.png; path = "IDR@3x.png"; sourceTree = "<group>"; };
		34D4AD702997EB2900EFD2A7 /* THB@3x.png */ = {isa = PBXFileReference; lastKnownFileType = image.png; path = "THB@3x.png"; sourceTree = "<group>"; };
		34D4AD712997EB2900EFD2A7 /* HRK@1x.png */ = {isa = PBXFileReference; lastKnownFileType = image.png; path = "HRK@1x.png"; sourceTree = "<group>"; };
		34D4AD722997EB2900EFD2A7 /* HUF@1x.png */ = {isa = PBXFileReference; lastKnownFileType = image.png; path = "HUF@1x.png"; sourceTree = "<group>"; };
		34D4AD732997EB2900EFD2A7 /* SEK@2x.png */ = {isa = PBXFileReference; lastKnownFileType = image.png; path = "SEK@2x.png"; sourceTree = "<group>"; };
		34D4AD742997EB2900EFD2A7 /* ILS@1x.png */ = {isa = PBXFileReference; lastKnownFileType = image.png; path = "ILS@1x.png"; sourceTree = "<group>"; };
		34D4AD752997EB2900EFD2A7 /* UAH@2x.png */ = {isa = PBXFileReference; lastKnownFileType = image.png; path = "UAH@2x.png"; sourceTree = "<group>"; };
		34D4AD762997EB2900EFD2A7 /* EUR@1x.png */ = {isa = PBXFileReference; lastKnownFileType = image.png; path = "EUR@1x.png"; sourceTree = "<group>"; };
		34D4AD772997EB2900EFD2A7 /* ZAR@1x.png */ = {isa = PBXFileReference; lastKnownFileType = image.png; path = "ZAR@1x.png"; sourceTree = "<group>"; };
		34D4AD782997EB2900EFD2A7 /* RUB@2x.png */ = {isa = PBXFileReference; lastKnownFileType = image.png; path = "RUB@2x.png"; sourceTree = "<group>"; };
		34D4AD792997EB2900EFD2A7 /* INR@2x.png */ = {isa = PBXFileReference; lastKnownFileType = image.png; path = "INR@2x.png"; sourceTree = "<group>"; };
		34D4AD7A2997EB2900EFD2A7 /* JPY@2x.png */ = {isa = PBXFileReference; lastKnownFileType = image.png; path = "JPY@2x.png"; sourceTree = "<group>"; };
		34D4AD7B2997EB2900EFD2A7 /* GBP@2x.png */ = {isa = PBXFileReference; lastKnownFileType = image.png; path = "GBP@2x.png"; sourceTree = "<group>"; };
		34D4AD7C2997EB2900EFD2A7 /* DKK@2x.png */ = {isa = PBXFileReference; lastKnownFileType = image.png; path = "DKK@2x.png"; sourceTree = "<group>"; };
		34D4AD7D2997EB2900EFD2A7 /* DKK@3x.png */ = {isa = PBXFileReference; lastKnownFileType = image.png; path = "DKK@3x.png"; sourceTree = "<group>"; };
		34D4AD7E2997EB2900EFD2A7 /* CNY@1x.png */ = {isa = PBXFileReference; lastKnownFileType = image.png; path = "CNY@1x.png"; sourceTree = "<group>"; };
		34D4AD7F2997EB2900EFD2A7 /* GBP@3x.png */ = {isa = PBXFileReference; lastKnownFileType = image.png; path = "GBP@3x.png"; sourceTree = "<group>"; };
		34D4AD802997EB2900EFD2A7 /* JPY@3x.png */ = {isa = PBXFileReference; lastKnownFileType = image.png; path = "JPY@3x.png"; sourceTree = "<group>"; };
		34D4AD812997EB2900EFD2A7 /* INR@3x.png */ = {isa = PBXFileReference; lastKnownFileType = image.png; path = "INR@3x.png"; sourceTree = "<group>"; };
		34D4AD822997EB2900EFD2A7 /* RUB@3x.png */ = {isa = PBXFileReference; lastKnownFileType = image.png; path = "RUB@3x.png"; sourceTree = "<group>"; };
		34D4AD832997EB2900EFD2A7 /* NOK@1x.png */ = {isa = PBXFileReference; lastKnownFileType = image.png; path = "NOK@1x.png"; sourceTree = "<group>"; };
		34D4AD842997EB2900EFD2A7 /* UAH@3x.png */ = {isa = PBXFileReference; lastKnownFileType = image.png; path = "UAH@3x.png"; sourceTree = "<group>"; };
		34D4AD852997EB2900EFD2A7 /* PHP@1x.png */ = {isa = PBXFileReference; lastKnownFileType = image.png; path = "PHP@1x.png"; sourceTree = "<group>"; };
		34D4AD862997EB2900EFD2A7 /* SEK@3x.png */ = {isa = PBXFileReference; lastKnownFileType = image.png; path = "SEK@3x.png"; sourceTree = "<group>"; };
		34D5AFE82951B25C0043B72A /* SortView.swift */ = {isa = PBXFileReference; lastKnownFileType = sourcecode.swift; path = SortView.swift; sourceTree = "<group>"; };
		34D5AFEA2951B6550043B72A /* SortViewModel.swift */ = {isa = PBXFileReference; lastKnownFileType = sourcecode.swift; path = SortViewModel.swift; sourceTree = "<group>"; };
		34DC74BC2998DE140042F968 /* CurrencyChartView.swift */ = {isa = PBXFileReference; lastKnownFileType = sourcecode.swift; path = CurrencyChartView.swift; sourceTree = "<group>"; };
		34DC74BE299983250042F968 /* CurrencyChartViewModel.swift */ = {isa = PBXFileReference; lastKnownFileType = sourcecode.swift; path = CurrencyChartViewModel.swift; sourceTree = "<group>"; };
		34DDC4C929B28796002F76EF /* HelloView.swift */ = {isa = PBXFileReference; lastKnownFileType = sourcecode.swift; path = HelloView.swift; sourceTree = "<group>"; };
		34DDC4CB29B292BB002F76EF /* OnboardingCell.swift */ = {isa = PBXFileReference; lastKnownFileType = sourcecode.swift; path = OnboardingCell.swift; sourceTree = "<group>"; };
		34ED0C1A28F172A6006C4F38 /* NetworkManager.swift */ = {isa = PBXFileReference; lastKnownFileType = sourcecode.swift; path = NetworkManager.swift; sourceTree = "<group>"; };
		34ED0C1E28F1751C006C4F38 /* CurrencyData.swift */ = {isa = PBXFileReference; lastKnownFileType = sourcecode.swift; path = CurrencyData.swift; sourceTree = "<group>"; };
		34ED0C2028F17592006C4F38 /* SharedDataManager.swift */ = {isa = PBXFileReference; lastKnownFileType = sourcecode.swift; path = SharedDataManager.swift; sourceTree = "<group>"; };
		34ED0C2228F1C24F006C4F38 /* ViewManagingView.swift */ = {isa = PBXFileReference; lastKnownFileType = sourcecode.swift; path = ViewManagingView.swift; sourceTree = "<group>"; };
		34ED0C2928F1C6FF006C4F38 /* en */ = {isa = PBXFileReference; lastKnownFileType = text.plist.strings; name = en; path = en.lproj/Localizable.strings; sourceTree = "<group>"; };
		34ED0C2B28F1C705006C4F38 /* pl */ = {isa = PBXFileReference; lastKnownFileType = text.plist.strings; name = pl; path = pl.lproj/Localizable.strings; sourceTree = "<group>"; };
		34EF3EBE29BDC3FE00CFAEDA /* BasePickerView.swift */ = {isa = PBXFileReference; lastKnownFileType = sourcecode.swift; path = BasePickerView.swift; sourceTree = "<group>"; };
		34EF3EC029BDC57D00CFAEDA /* BasePickerViewModel.swift */ = {isa = PBXFileReference; lastKnownFileType = sourcecode.swift; path = BasePickerViewModel.swift; sourceTree = "<group>"; };
		34EFF37E29E7E5FF0053F60D /* RectangularView.swift */ = {isa = PBXFileReference; lastKnownFileType = sourcecode.swift; path = RectangularView.swift; sourceTree = "<group>"; };
/* End PBXFileReference section */

/* Begin PBXFrameworksBuildPhase section */
		346C7A1D29BD19020023DE23 /* Frameworks */ = {
			isa = PBXFrameworksBuildPhase;
			buildActionMask = 2147483647;
			files = (
			);
			runOnlyForDeploymentPostprocessing = 0;
		};
		348346E4292612A3003710CA /* Frameworks */ = {
			isa = PBXFrameworksBuildPhase;
			buildActionMask = 2147483647;
			files = (
				348346EB292612A3003710CA /* SwiftUI.framework in Frameworks */,
				348346E9292612A3003710CA /* WidgetKit.framework in Frameworks */,
			);
			runOnlyForDeploymentPostprocessing = 0;
		};
		34A2345928F05B5C00C81292 /* Frameworks */ = {
			isa = PBXFrameworksBuildPhase;
			buildActionMask = 2147483647;
			files = (
				341CF6242913BCB40012FA5B /* StoreKit.framework in Frameworks */,
				34D3A43B29B0956300292518 /* Roadmap in Frameworks */,
			);
			runOnlyForDeploymentPostprocessing = 0;
		};
/* End PBXFrameworksBuildPhase section */

/* Begin PBXGroup section */
		341CF6222913BCB40012FA5B /* Frameworks */ = {
			isa = PBXGroup;
			children = (
				341CF6232913BCB40012FA5B /* StoreKit.framework */,
				348346E8292612A3003710CA /* WidgetKit.framework */,
				348346EA292612A3003710CA /* SwiftUI.framework */,
			);
			name = Frameworks;
			sourceTree = "<group>";
		};
		3447F7E828F0BC2E00B59B25 /* Managers */ = {
			isa = PBXGroup;
			children = (
				3447F7E628F0BB3F00B59B25 /* AppIcon.swift */,
				34ED0C1A28F172A6006C4F38 /* NetworkManager.swift */,
				3420F49E2AC557770059E40E /* NetworkMonitor.swift */,
				34ED0C2028F17592006C4F38 /* SharedDataManager.swift */,
				348CE6EE2951E32400E89078 /* Sorting.swift */,
			);
			path = Managers;
			sourceTree = "<group>";
		};
		346C7A2129BD19020023DE23 /* WalutWatch Watch App */ = {
			isa = PBXGroup;
			children = (
				346C7A4429BD1DE30023DE23 /* WalutWatch-Watch-App-Info.plist */,
				346C7A2229BD19020023DE23 /* WalutWatchApp.swift */,
				346C7A3529BD195A0023DE23 /* Models */,
				346C7A3429BD19530023DE23 /* ViewModels */,
				346C7A3329BD194D0023DE23 /* Views */,
				346C7A3629BD195F0023DE23 /* Custom Components */,
				346C7A2629BD19030023DE23 /* Assets.xcassets */,
				346C7A2829BD19030023DE23 /* Preview Content */,
			);
			path = "WalutWatch Watch App";
			sourceTree = "<group>";
		};
		346C7A2829BD19030023DE23 /* Preview Content */ = {
			isa = PBXGroup;
			children = (
				346C7A2929BD19030023DE23 /* Preview Assets.xcassets */,
			);
			path = "Preview Content";
			sourceTree = "<group>";
		};
		346C7A3329BD194D0023DE23 /* Views */ = {
			isa = PBXGroup;
			children = (
				346C7A2429BD19020023DE23 /* ContentView.swift */,
				34EF3EBE29BDC3FE00CFAEDA /* BasePickerView.swift */,
				346C7A4229BD1AEB0023DE23 /* CurrencyListView.swift */,
				3490185E29BE315A00DD1D53 /* SettingsView.swift */,
			);
			path = Views;
			sourceTree = "<group>";
		};
		346C7A3429BD19530023DE23 /* ViewModels */ = {
			isa = PBXGroup;
			children = (
				34EF3EC029BDC57D00CFAEDA /* BasePickerViewModel.swift */,
			);
			path = ViewModels;
			sourceTree = "<group>";
		};
		346C7A3529BD195A0023DE23 /* Models */ = {
			isa = PBXGroup;
			children = (
			);
			path = Models;
			sourceTree = "<group>";
		};
		346C7A3629BD195F0023DE23 /* Custom Components */ = {
			isa = PBXGroup;
			children = (
				346C7A4029BD1A9F0023DE23 /* CurrencyCell.swift */,
			);
			path = "Custom Components";
			sourceTree = "<group>";
		};
		348346EC292612A3003710CA /* WalutWidget */ = {
			isa = PBXGroup;
			children = (
				348346ED292612A3003710CA /* WalutWidgetBundle.swift */,
				348346EF292612A3003710CA /* WalutWidget.swift */,
				341DFC09295DAFAF00BDCBDB /* PercentView.swift */,
				341DFC0D295DB44300BDCBDB /* WidgetChartView.swift */,
				34EFF37E29E7E5FF0053F60D /* RectangularView.swift */,
				341DFC0B295DB42100BDCBDB /* MockData.swift */,
				348346F1292612A4003710CA /* Assets.xcassets */,
				348346F3292612A4003710CA /* Info.plist */,
				3481E08B295DE09100322363 /* WalutWidgetIntents.intentdefinition */,
			);
			path = WalutWidget;
			sourceTree = "<group>";
		};
		34A2345328F05B5C00C81292 = {
			isa = PBXGroup;
			children = (
				34A5A6B0292002A000613135 /* README.md */,
				34A2345E28F05B5C00C81292 /* Walut */,
				348346EC292612A3003710CA /* WalutWidget */,
				346C7A2129BD19020023DE23 /* WalutWatch Watch App */,
				34A2345D28F05B5C00C81292 /* Products */,
				341CF6222913BCB40012FA5B /* Frameworks */,
			);
			sourceTree = "<group>";
		};
		34A2345D28F05B5C00C81292 /* Products */ = {
			isa = PBXGroup;
			children = (
				34A2345C28F05B5C00C81292 /* Walut.app */,
				348346E7292612A3003710CA /* WalutWidgetExtension.appex */,
				346C7A2029BD19020023DE23 /* WalutWatch Watch App.app */,
			);
			name = Products;
			sourceTree = "<group>";
		};
		34A2345E28F05B5C00C81292 /* Walut */ = {
			isa = PBXGroup;
			children = (
				34A2345F28F05B5C00C81292 /* WalutApp.swift */,
				347514972919A55A0092864A /* Configuration.storekit */,
				3447F7E828F0BC2E00B59B25 /* Managers */,
				34A2347528F061DC00C81292 /* Custom Types */,
				34A2347228F0609A00C81292 /* ViewModels */,
				34A2347128F0608700C81292 /* Views */,
				34AC47B828F7D8BD00724165 /* Custom Components */,
				34ED0C2A28F1C6FF006C4F38 /* Localizable.strings */,
				34A2346328F05B5D00C81292 /* Assets.xcassets */,
				34D4AD382997EB2900EFD2A7 /* AppIcons */,
				3447F7EB28F0BE4800B59B25 /* Info.plist */,
				34A2346528F05B5D00C81292 /* Preview Content */,
			);
			path = Walut;
			sourceTree = "<group>";
		};
		34A2346528F05B5D00C81292 /* Preview Content */ = {
			isa = PBXGroup;
			children = (
				34A2346628F05B5D00C81292 /* Preview Assets.xcassets */,
			);
			path = "Preview Content";
			sourceTree = "<group>";
		};
		34A2347128F0608700C81292 /* Views */ = {
			isa = PBXGroup;
			children = (
				34ED0C2228F1C24F006C4F38 /* ViewManagingView.swift */,
				34DDC4C929B28796002F76EF /* HelloView.swift */,
				34A2346D28F05BAE00C81292 /* BasePickerView.swift */,
				3441ABD728F1709F009528FD /* CurrencyListView.swift */,
				34D5AFE82951B25C0043B72A /* SortView.swift */,
				3443E4C92962D58400749277 /* DatePickView.swift */,
				34BD793129A75708005E2B85 /* CurrencyCalcView.swift */,
				34DC74BC2998DE140042F968 /* CurrencyChartView.swift */,
				3498532728F57029003E0FC9 /* SettingsView.swift */,
				341CF625291430B40012FA5B /* SupportDevView.swift */,
				34890F5B2914E6460059B5C3 /* ThanksView.swift */,
				34D3A43C29B095B200292518 /* FeatureRoadmapView.swift */,
				349E3F7728FEAFDE004831E2 /* ProfileView.swift */,
				34CAB491290F11CA00D877E5 /* FavoritesView.swift */,
				347D44B72AC8B5C30099C473 /* NotWorkingView.swift */,
			);
			path = Views;
			sourceTree = "<group>";
		};
		34A2347228F0609A00C81292 /* ViewModels */ = {
			isa = PBXGroup;
			children = (
				342A047C290A5B7B00C10652 /* HelloViewModel.swift */,
				34A2346F28F05C3B00C81292 /* BasePickerViewModel.swift */,
				344A71EA292C13200065F689 /* CurrencyListViewModel.swift */,
				34D5AFEA2951B6550043B72A /* SortViewModel.swift */,
				3443E4CB2962D6C900749277 /* DatePickViewModel.swift */,
				345D49B629B1D51D00C6E1EB /* CurrencyCalcViewModel.swift */,
				34DC74BE299983250042F968 /* CurrencyChartViewModel.swift */,
				3498532928F570A2003E0FC9 /* SettingsViewModel.swift */,
				341CF627291431930012FA5B /* SupportDevViewModel.swift */,
				349E3F7928FEB108004831E2 /* ProfileViewModel.swift */,
				34CAB493290F128100D877E5 /* FavoritesViewModel.swift */,
			);
			path = ViewModels;
			sourceTree = "<group>";
		};
		34A2347528F061DC00C81292 /* Custom Types */ = {
			isa = PBXGroup;
			children = (
				34A2347328F061D700C81292 /* Currency.swift */,
				34ED0C1E28F1751C006C4F38 /* CurrencyData.swift */,
				3498CC9328F4502200961C61 /* RatesData.swift */,
				3498CC9528F4504900961C61 /* TimeSeriesData.swift */,
				348D08E62A1CA7D00047BEFF /* ChartRange.swift */,
			);
			path = "Custom Types";
			sourceTree = "<group>";
		};
		34AC47B828F7D8BD00724165 /* Custom Components */ = {
			isa = PBXGroup;
			children = (
				34DDC4CB29B292BB002F76EF /* OnboardingCell.swift */,
				342D433928F7E37F001C69AD /* CurrencyCell.swift */,
				344E9986295ED7A200921DBC /* LoadingCell.swift */,
				3483639D290D28D5000DA0DB /* ChartToShare.swift */,
				348D08E22A1C9C400047BEFF /* ChartButtons.swift */,
			);
			path = "Custom Components";
			sourceTree = "<group>";
		};
		34D4AD382997EB2900EFD2A7 /* AppIcons */ = {
			isa = PBXGroup;
			children = (
				34D4AD392997EB2900EFD2A7 /* ZAR@3x.png */,
				34D4AD3A2997EB2900EFD2A7 /* EUR@3x.png */,
				34D4AD3B2997EB2900EFD2A7 /* NOK@2x.png */,
				34D4AD3C2997EB2900EFD2A7 /* ILS@3x.png */,
				34D4AD3D2997EB2900EFD2A7 /* PHP@2x.png */,
				34D4AD3E2997EB2900EFD2A7 /* CNY@2x.png */,
				34D4AD3F2997EB2900EFD2A7 /* GBP@1x.png */,
				34D4AD402997EB2900EFD2A7 /* CNY@3x.png */,
				34D4AD412997EB2900EFD2A7 /* DKK@1x.png */,
				34D4AD422997EB2900EFD2A7 /* SEK@1x.png */,
				34D4AD432997EB2900EFD2A7 /* PHP@3x.png */,
				34D4AD442997EB2900EFD2A7 /* ILS@2x.png */,
				34D4AD452997EB2900EFD2A7 /* UAH@1x.png */,
				34D4AD462997EB2900EFD2A7 /* NOK@3x.png */,
				34D4AD472997EB2900EFD2A7 /* EUR@2x.png */,
				34D4AD482997EB2900EFD2A7 /* ZAR@2x.png */,
				34D4AD492997EB2900EFD2A7 /* RUB@1x.png */,
				34D4AD4A2997EB2900EFD2A7 /* INR@1x.png */,
				34D4AD4B2997EB2900EFD2A7 /* JPY@1x.png */,
				34D4AD4C2997EB2900EFD2A7 /* CHF@3x.png */,
				34D4AD4D2997EB2900EFD2A7 /* MYR@3x.png */,
				34D4AD4E2997EB2900EFD2A7 /* CZK@3x.png */,
				34D4AD4F2997EB2900EFD2A7 /* RON@3x.png */,
				34D4AD502997EB2900EFD2A7 /* HRK@2x.png */,
				34D4AD512997EB2900EFD2A7 /* HUF@2x.png */,
				34D4AD522997EB2900EFD2A7 /* BGN@1x.png */,
				34D4AD532997EB2900EFD2A7 /* TRY@1x.png */,
				34D4AD542997EB2900EFD2A7 /* PLN@1x.png */,
				34D4AD552997EB2900EFD2A7 /* KRW@1x.png */,
				34D4AD562997EB2900EFD2A7 /* BRL@1x.png */,
				34D4AD572997EB2900EFD2A7 /* HUF@3x.png */,
				34D4AD582997EB2900EFD2A7 /* RON@2x.png */,
				34D4AD592997EB2900EFD2A7 /* HRK@3x.png */,
				34D4AD5A2997EB2900EFD2A7 /* CZK@2x.png */,
				34D4AD5B2997EB2900EFD2A7 /* THB@1x.png */,
				34D4AD5C2997EB2900EFD2A7 /* IDR@1x.png */,
				34D4AD5D2997EB2900EFD2A7 /* MYR@2x.png */,
				34D4AD5E2997EB2900EFD2A7 /* CHF@2x.png */,
				34D4AD5F2997EB2900EFD2A7 /* RON@1x.png */,
				34D4AD602997EB2900EFD2A7 /* CZK@1x.png */,
				34D4AD612997EB2900EFD2A7 /* THB@2x.png */,
				34D4AD622997EB2900EFD2A7 /* MYR@1x.png */,
				34D4AD632997EB2900EFD2A7 /* IDR@2x.png */,
				34D4AD642997EB2900EFD2A7 /* CHF@1x.png */,
				34D4AD652997EB2900EFD2A7 /* BGN@3x.png */,
				34D4AD662997EB2900EFD2A7 /* TRY@2x.png */,
				34D4AD672997EB2900EFD2A7 /* PLN@2x.png */,
				34D4AD682997EB2900EFD2A7 /* KRW@2x.png */,
				34D4AD692997EB2900EFD2A7 /* BRL@2x.png */,
				34D4AD6A2997EB2900EFD2A7 /* BRL@3x.png */,
				34D4AD6B2997EB2900EFD2A7 /* KRW@3x.png */,
				34D4AD6C2997EB2900EFD2A7 /* PLN@3x.png */,
				34D4AD6D2997EB2900EFD2A7 /* TRY@3x.png */,
				34D4AD6E2997EB2900EFD2A7 /* BGN@2x.png */,
				34D4AD6F2997EB2900EFD2A7 /* IDR@3x.png */,
				34D4AD702997EB2900EFD2A7 /* THB@3x.png */,
				34D4AD712997EB2900EFD2A7 /* HRK@1x.png */,
				34D4AD722997EB2900EFD2A7 /* HUF@1x.png */,
				34D4AD732997EB2900EFD2A7 /* SEK@2x.png */,
				34D4AD742997EB2900EFD2A7 /* ILS@1x.png */,
				34D4AD752997EB2900EFD2A7 /* UAH@2x.png */,
				34D4AD762997EB2900EFD2A7 /* EUR@1x.png */,
				34D4AD772997EB2900EFD2A7 /* ZAR@1x.png */,
				34D4AD782997EB2900EFD2A7 /* RUB@2x.png */,
				34D4AD792997EB2900EFD2A7 /* INR@2x.png */,
				34D4AD7A2997EB2900EFD2A7 /* JPY@2x.png */,
				34D4AD7B2997EB2900EFD2A7 /* GBP@2x.png */,
				34D4AD7C2997EB2900EFD2A7 /* DKK@2x.png */,
				34D4AD7D2997EB2900EFD2A7 /* DKK@3x.png */,
				34D4AD7E2997EB2900EFD2A7 /* CNY@1x.png */,
				34D4AD7F2997EB2900EFD2A7 /* GBP@3x.png */,
				34D4AD802997EB2900EFD2A7 /* JPY@3x.png */,
				34D4AD812997EB2900EFD2A7 /* INR@3x.png */,
				34D4AD822997EB2900EFD2A7 /* RUB@3x.png */,
				34D4AD832997EB2900EFD2A7 /* NOK@1x.png */,
				34D4AD842997EB2900EFD2A7 /* UAH@3x.png */,
				34D4AD852997EB2900EFD2A7 /* PHP@1x.png */,
				34D4AD862997EB2900EFD2A7 /* SEK@3x.png */,
			);
			path = AppIcons;
			sourceTree = "<group>";
		};
/* End PBXGroup section */

/* Begin PBXNativeTarget section */
		346C7A1F29BD19020023DE23 /* WalutWatch Watch App */ = {
			isa = PBXNativeTarget;
			buildConfigurationList = 346C7A2D29BD19030023DE23 /* Build configuration list for PBXNativeTarget "WalutWatch Watch App" */;
			buildPhases = (
				346C7A1C29BD19020023DE23 /* Sources */,
				346C7A1D29BD19020023DE23 /* Frameworks */,
				346C7A1E29BD19020023DE23 /* Resources */,
			);
			buildRules = (
			);
			dependencies = (
			);
			name = "WalutWatch Watch App";
			productName = "WalutWatch Watch App";
			productReference = 346C7A2029BD19020023DE23 /* WalutWatch Watch App.app */;
			productType = "com.apple.product-type.application";
		};
		348346E6292612A3003710CA /* WalutWidgetExtension */ = {
			isa = PBXNativeTarget;
			buildConfigurationList = 348346FA292612A4003710CA /* Build configuration list for PBXNativeTarget "WalutWidgetExtension" */;
			buildPhases = (
				348346E3292612A3003710CA /* Sources */,
				348346E4292612A3003710CA /* Frameworks */,
				348346E5292612A3003710CA /* Resources */,
			);
			buildRules = (
			);
			dependencies = (
			);
			name = WalutWidgetExtension;
			productName = WalutWidgetExtension;
			productReference = 348346E7292612A3003710CA /* WalutWidgetExtension.appex */;
			productType = "com.apple.product-type.app-extension";
		};
		34A2345B28F05B5C00C81292 /* Walut */ = {
			isa = PBXNativeTarget;
			buildConfigurationList = 34A2346A28F05B5D00C81292 /* Build configuration list for PBXNativeTarget "Walut" */;
			buildPhases = (
				34A2345828F05B5C00C81292 /* Sources */,
				34A2345928F05B5C00C81292 /* Frameworks */,
				34A2345A28F05B5C00C81292 /* Resources */,
				348346F7292612A4003710CA /* Embed Foundation Extensions */,
				346C7A3129BD19160023DE23 /* Embed Watch Content */,
			);
			buildRules = (
			);
			dependencies = (
				3483470129262447003710CA /* PBXTargetDependency */,
				34F4A54829BF34DD009E2583 /* PBXTargetDependency */,
			);
			name = Walut;
			packageProductDependencies = (
				34D3A43A29B0956300292518 /* Roadmap */,
			);
			productName = Walut;
			productReference = 34A2345C28F05B5C00C81292 /* Walut.app */;
			productType = "com.apple.product-type.application";
		};
/* End PBXNativeTarget section */

/* Begin PBXProject section */
		34A2345428F05B5C00C81292 /* Project object */ = {
			isa = PBXProject;
			attributes = {
				BuildIndependentTargetsInParallel = 1;
				LastSwiftUpdateCheck = 1420;
				LastUpgradeCheck = 1500;
				TargetAttributes = {
					346C7A1F29BD19020023DE23 = {
						CreatedOnToolsVersion = 14.2;
					};
					348346E6292612A3003710CA = {
						CreatedOnToolsVersion = 14.1;
					};
					34A2345B28F05B5C00C81292 = {
						CreatedOnToolsVersion = 14.0.1;
					};
				};
			};
			buildConfigurationList = 34A2345728F05B5C00C81292 /* Build configuration list for PBXProject "Walut" */;
			compatibilityVersion = "Xcode 14.0";
			developmentRegion = en;
			hasScannedForEncodings = 0;
			knownRegions = (
				en,
				pl,
			);
			mainGroup = 34A2345328F05B5C00C81292;
			packageReferences = (
				34D3A43929B0956300292518 /* XCRemoteSwiftPackageReference "Roadmap" */,
			);
			productRefGroup = 34A2345D28F05B5C00C81292 /* Products */;
			projectDirPath = "";
			projectRoot = "";
			targets = (
				34A2345B28F05B5C00C81292 /* Walut */,
				348346E6292612A3003710CA /* WalutWidgetExtension */,
				346C7A1F29BD19020023DE23 /* WalutWatch Watch App */,
			);
		};
/* End PBXProject section */

/* Begin PBXResourcesBuildPhase section */
		346C7A1E29BD19020023DE23 /* Resources */ = {
			isa = PBXResourcesBuildPhase;
			buildActionMask = 2147483647;
			files = (
				346C7A2A29BD19030023DE23 /* Preview Assets.xcassets in Resources */,
				34EF3EC229BDC7E700CFAEDA /* Localizable.strings in Resources */,
				346C7A2729BD19030023DE23 /* Assets.xcassets in Resources */,
			);
			runOnlyForDeploymentPostprocessing = 0;
		};
		348346E5292612A3003710CA /* Resources */ = {
			isa = PBXResourcesBuildPhase;
			buildActionMask = 2147483647;
			files = (
				348346F2292612A4003710CA /* Assets.xcassets in Resources */,
				3481E081295DBFEB00322363 /* Localizable.strings in Resources */,
			);
			runOnlyForDeploymentPostprocessing = 0;
		};
		34A2345A28F05B5C00C81292 /* Resources */ = {
			isa = PBXResourcesBuildPhase;
			buildActionMask = 2147483647;
			files = (
				34D4ADC72997EB2900EFD2A7 /* INR@2x.png in Resources */,
				34D4ADD42997EB2900EFD2A7 /* SEK@3x.png in Resources */,
				34D4ADB12997EB2900EFD2A7 /* IDR@2x.png in Resources */,
				34D4AD912997EB2900EFD2A7 /* PHP@3x.png in Resources */,
				34D4ADA92997EB2900EFD2A7 /* THB@1x.png in Resources */,
				34D4ADB72997EB2900EFD2A7 /* BRL@2x.png in Resources */,
				34D4ADC62997EB2900EFD2A7 /* RUB@2x.png in Resources */,
				34D4AD982997EB2900EFD2A7 /* INR@1x.png in Resources */,
				34D4ADA12997EB2900EFD2A7 /* TRY@1x.png in Resources */,
				34D4AD952997EB2900EFD2A7 /* EUR@2x.png in Resources */,
				34D4AD992997EB2900EFD2A7 /* JPY@1x.png in Resources */,
				34D4ADCD2997EB2900EFD2A7 /* GBP@3x.png in Resources */,
				34D4ADD12997EB2900EFD2A7 /* NOK@1x.png in Resources */,
				34D4ADB22997EB2900EFD2A7 /* CHF@1x.png in Resources */,
				34D4ADB52997EB2900EFD2A7 /* PLN@2x.png in Resources */,
				34D4ADA52997EB2900EFD2A7 /* HUF@3x.png in Resources */,
				34D4ADB32997EB2900EFD2A7 /* BGN@3x.png in Resources */,
				34D4AD9E2997EB2900EFD2A7 /* HRK@2x.png in Resources */,
				34D4ADCF2997EB2900EFD2A7 /* INR@3x.png in Resources */,
				34D4ADD02997EB2900EFD2A7 /* RUB@3x.png in Resources */,
				34D4AD8A2997EB2900EFD2A7 /* ILS@3x.png in Resources */,
				34D4ADC22997EB2900EFD2A7 /* ILS@1x.png in Resources */,
				34D4ADA32997EB2900EFD2A7 /* KRW@1x.png in Resources */,
				34A2346728F05B5D00C81292 /* Preview Assets.xcassets in Resources */,
				34D4ADB42997EB2900EFD2A7 /* TRY@2x.png in Resources */,
				34D4ADAD2997EB2900EFD2A7 /* RON@1x.png in Resources */,
				34D4ADBF2997EB2900EFD2A7 /* HRK@1x.png in Resources */,
				34D4AD8E2997EB2900EFD2A7 /* CNY@3x.png in Resources */,
				34D4ADC92997EB2900EFD2A7 /* GBP@2x.png in Resources */,
				34D4ADC12997EB2900EFD2A7 /* SEK@2x.png in Resources */,
				34D4ADA72997EB2900EFD2A7 /* HRK@3x.png in Resources */,
				34D4ADC02997EB2900EFD2A7 /* HUF@1x.png in Resources */,
				34D4ADAF2997EB2900EFD2A7 /* THB@2x.png in Resources */,
				34D4AD9D2997EB2900EFD2A7 /* RON@3x.png in Resources */,
				34D4ADB92997EB2900EFD2A7 /* KRW@3x.png in Resources */,
				34D4ADCE2997EB2900EFD2A7 /* JPY@3x.png in Resources */,
				34D4ADBD2997EB2900EFD2A7 /* IDR@3x.png in Resources */,
				34D4ADCB2997EB2900EFD2A7 /* DKK@3x.png in Resources */,
				34D4ADC32997EB2900EFD2A7 /* UAH@2x.png in Resources */,
				34D4ADD22997EB2900EFD2A7 /* UAH@3x.png in Resources */,
				34D4AD9B2997EB2900EFD2A7 /* MYR@3x.png in Resources */,
				34D4AD872997EB2900EFD2A7 /* ZAR@3x.png in Resources */,
				34D4ADB82997EB2900EFD2A7 /* BRL@3x.png in Resources */,
				34D4AD972997EB2900EFD2A7 /* RUB@1x.png in Resources */,
				34D4ADD32997EB2900EFD2A7 /* PHP@1x.png in Resources */,
				34D4ADC52997EB2900EFD2A7 /* ZAR@1x.png in Resources */,
				34D4AD9A2997EB2900EFD2A7 /* CHF@3x.png in Resources */,
				34D4AD9F2997EB2900EFD2A7 /* HUF@2x.png in Resources */,
				34D4ADA42997EB2900EFD2A7 /* BRL@1x.png in Resources */,
				34D4ADAC2997EB2900EFD2A7 /* CHF@2x.png in Resources */,
				34D4ADA62997EB2900EFD2A7 /* RON@2x.png in Resources */,
				347514982919A55A0092864A /* Configuration.storekit in Resources */,
				34D4ADBB2997EB2900EFD2A7 /* TRY@3x.png in Resources */,
				34D4ADA22997EB2900EFD2A7 /* PLN@1x.png in Resources */,
				34D4ADB02997EB2900EFD2A7 /* MYR@1x.png in Resources */,
				34D4AD892997EB2900EFD2A7 /* NOK@2x.png in Resources */,
				34D4AD8B2997EB2900EFD2A7 /* PHP@2x.png in Resources */,
				34D4AD932997EB2900EFD2A7 /* UAH@1x.png in Resources */,
				34D4ADCA2997EB2900EFD2A7 /* DKK@2x.png in Resources */,
				34D4ADA82997EB2900EFD2A7 /* CZK@2x.png in Resources */,
				34D4ADCC2997EB2900EFD2A7 /* CNY@1x.png in Resources */,
				34D4ADAB2997EB2900EFD2A7 /* MYR@2x.png in Resources */,
				34D4ADC82997EB2900EFD2A7 /* JPY@2x.png in Resources */,
				34D4AD8D2997EB2900EFD2A7 /* GBP@1x.png in Resources */,
				34D4ADBC2997EB2900EFD2A7 /* BGN@2x.png in Resources */,
				34D4AD9C2997EB2900EFD2A7 /* CZK@3x.png in Resources */,
				34ED0C2828F1C6FF006C4F38 /* Localizable.strings in Resources */,
				34D4AD882997EB2900EFD2A7 /* EUR@3x.png in Resources */,
				34D4ADAE2997EB2900EFD2A7 /* CZK@1x.png in Resources */,
				34D4AD8F2997EB2900EFD2A7 /* DKK@1x.png in Resources */,
				34D4AD902997EB2900EFD2A7 /* SEK@1x.png in Resources */,
				34A2346428F05B5D00C81292 /* Assets.xcassets in Resources */,
				34D4ADC42997EB2900EFD2A7 /* EUR@1x.png in Resources */,
				34D4ADA02997EB2900EFD2A7 /* BGN@1x.png in Resources */,
				34D4AD962997EB2900EFD2A7 /* ZAR@2x.png in Resources */,
				34D4ADBA2997EB2900EFD2A7 /* PLN@3x.png in Resources */,
				34D4ADBE2997EB2900EFD2A7 /* THB@3x.png in Resources */,
				34D4ADB62997EB2900EFD2A7 /* KRW@2x.png in Resources */,
				34D4AD8C2997EB2900EFD2A7 /* CNY@2x.png in Resources */,
				34D4ADAA2997EB2900EFD2A7 /* IDR@1x.png in Resources */,
				34D4AD942997EB2900EFD2A7 /* NOK@3x.png in Resources */,
				34D4AD922997EB2900EFD2A7 /* ILS@2x.png in Resources */,
			);
			runOnlyForDeploymentPostprocessing = 0;
		};
/* End PBXResourcesBuildPhase section */

/* Begin PBXSourcesBuildPhase section */
		346C7A1C29BD19020023DE23 /* Sources */ = {
			isa = PBXSourcesBuildPhase;
			buildActionMask = 2147483647;
			files = (
				34C85A6A2A1E247100FB7B03 /* SharedDataManager.swift in Sources */,
				346C7A4129BD1A9F0023DE23 /* CurrencyCell.swift in Sources */,
				346C7A3829BD19890023DE23 /* Currency.swift in Sources */,
				34EF3EBF29BDC3FE00CFAEDA /* BasePickerView.swift in Sources */,
				346C7A3A29BD198E0023DE23 /* RatesData.swift in Sources */,
				34C85A692A1E241500FB7B03 /* SortView.swift in Sources */,
				34EF3EC129BDC57D00CFAEDA /* BasePickerViewModel.swift in Sources */,
				34C85A682A1E240D00FB7B03 /* SortViewModel.swift in Sources */,
				3490185F29BE315A00DD1D53 /* SettingsView.swift in Sources */,
				346C7A3729BD19860023DE23 /* NetworkManager.swift in Sources */,
				34C85A6B2A1E263A00FB7B03 /* CurrencyListViewModel.swift in Sources */,
				348D08E92A1CA7D00047BEFF /* ChartRange.swift in Sources */,
				346C7A2529BD19020023DE23 /* ContentView.swift in Sources */,
				346C7A3929BD198C0023DE23 /* CurrencyData.swift in Sources */,
				346C7A2329BD19020023DE23 /* WalutWatchApp.swift in Sources */,
				346C7A3B29BD19910023DE23 /* TimeSeriesData.swift in Sources */,
				3420F4A12AC557770059E40E /* NetworkMonitor.swift in Sources */,
				34C85A672A1E23FB00FB7B03 /* Sorting.swift in Sources */,
				346C7A4329BD1AEB0023DE23 /* CurrencyListView.swift in Sources */,
			);
			runOnlyForDeploymentPostprocessing = 0;
		};
		348346E3292612A3003710CA /* Sources */ = {
			isa = PBXSourcesBuildPhase;
			buildActionMask = 2147483647;
			files = (
				341DFC0A295DAFAF00BDCBDB /* PercentView.swift in Sources */,
				3420F4A02AC557770059E40E /* NetworkMonitor.swift in Sources */,
				34E0A201292CFCDB00EF3CBC /* NetworkManager.swift in Sources */,
				348346FF29261DAF003710CA /* Currency.swift in Sources */,
				348346EE292612A3003710CA /* WalutWidgetBundle.swift in Sources */,
				348D08E82A1CA7D00047BEFF /* ChartRange.swift in Sources */,
				341DFC0C295DB42100BDCBDB /* MockData.swift in Sources */,
				348346F0292612A3003710CA /* WalutWidget.swift in Sources */,
				3481E08D295DE09100322363 /* WalutWidgetIntents.intentdefinition in Sources */,
				34EFF37F29E7E5FF0053F60D /* RectangularView.swift in Sources */,
				34E0A203292CFD3C00EF3CBC /* CurrencyData.swift in Sources */,
				348346FE2926135E003710CA /* TimeSeriesData.swift in Sources */,
				348346FD2926135B003710CA /* RatesData.swift in Sources */,
				34671B0A296A03AC0023D88C /* SharedDataManager.swift in Sources */,
				341DFC0E295DB44300BDCBDB /* WidgetChartView.swift in Sources */,
			);
			runOnlyForDeploymentPostprocessing = 0;
		};
		34A2345828F05B5C00C81292 /* Sources */ = {
			isa = PBXSourcesBuildPhase;
			buildActionMask = 2147483647;
			files = (
				347D44B82AC8B5C30099C473 /* NotWorkingView.swift in Sources */,
				34ED0C2328F1C24F006C4F38 /* ViewManagingView.swift in Sources */,
				34DC74BF299983250042F968 /* CurrencyChartViewModel.swift in Sources */,
				34DC74BD2998DE140042F968 /* CurrencyChartView.swift in Sources */,
				34D5AFEB2951B6550043B72A /* SortViewModel.swift in Sources */,
				34ED0C2128F17592006C4F38 /* SharedDataManager.swift in Sources */,
				344E9987295ED7A200921DBC /* LoadingCell.swift in Sources */,
				34890F5C2914E6460059B5C3 /* ThanksView.swift in Sources */,
				342D433A28F7E37F001C69AD /* CurrencyCell.swift in Sources */,
				34ED0C1F28F1751C006C4F38 /* CurrencyData.swift in Sources */,
				348D08E72A1CA7D00047BEFF /* ChartRange.swift in Sources */,
				34CAB494290F128100D877E5 /* FavoritesViewModel.swift in Sources */,
				3483639E290D28D5000DA0DB /* ChartToShare.swift in Sources */,
				3441ABD828F1709F009528FD /* CurrencyListView.swift in Sources */,
				349E3F7A28FEB108004831E2 /* ProfileViewModel.swift in Sources */,
				34DDC4CC29B292BB002F76EF /* OnboardingCell.swift in Sources */,
				348D08E32A1C9C400047BEFF /* ChartButtons.swift in Sources */,
				3443E4CA2962D58500749277 /* DatePickView.swift in Sources */,
				3498CC9428F4502200961C61 /* RatesData.swift in Sources */,
				3481E08C295DE09100322363 /* WalutWidgetIntents.intentdefinition in Sources */,
				34A2347428F061D700C81292 /* Currency.swift in Sources */,
				3498532A28F570A2003E0FC9 /* SettingsViewModel.swift in Sources */,
				3447F7E728F0BB3F00B59B25 /* AppIcon.swift in Sources */,
				3443E4CC2962D6C900749277 /* DatePickViewModel.swift in Sources */,
				348CE6EF2951E32400E89078 /* Sorting.swift in Sources */,
				349E3F7828FEAFDE004831E2 /* ProfileView.swift in Sources */,
				3498532828F57029003E0FC9 /* SettingsView.swift in Sources */,
				345D49B729B1D51D00C6E1EB /* CurrencyCalcViewModel.swift in Sources */,
				34ED0C1B28F172A6006C4F38 /* NetworkManager.swift in Sources */,
				34A2346028F05B5C00C81292 /* WalutApp.swift in Sources */,
				3420F49F2AC557770059E40E /* NetworkMonitor.swift in Sources */,
				34A2346E28F05BAE00C81292 /* BasePickerView.swift in Sources */,
				341CF626291430B40012FA5B /* SupportDevView.swift in Sources */,
				34D5AFE92951B25C0043B72A /* SortView.swift in Sources */,
				34DDC4CA29B28796002F76EF /* HelloView.swift in Sources */,
				34CAB492290F11CA00D877E5 /* FavoritesView.swift in Sources */,
				34BD793229A75708005E2B85 /* CurrencyCalcView.swift in Sources */,
				344A71EB292C13200065F689 /* CurrencyListViewModel.swift in Sources */,
				342A047D290A5B7B00C10652 /* HelloViewModel.swift in Sources */,
				341CF628291431930012FA5B /* SupportDevViewModel.swift in Sources */,
				34A2347028F05C3B00C81292 /* BasePickerViewModel.swift in Sources */,
				34D3A43D29B095B200292518 /* FeatureRoadmapView.swift in Sources */,
				3498CC9628F4504900961C61 /* TimeSeriesData.swift in Sources */,
			);
			runOnlyForDeploymentPostprocessing = 0;
		};
/* End PBXSourcesBuildPhase section */

/* Begin PBXTargetDependency section */
		3483470129262447003710CA /* PBXTargetDependency */ = {
			isa = PBXTargetDependency;
			target = 348346E6292612A3003710CA /* WalutWidgetExtension */;
			targetProxy = 3483470029262447003710CA /* PBXContainerItemProxy */;
		};
		34F4A54829BF34DD009E2583 /* PBXTargetDependency */ = {
			isa = PBXTargetDependency;
			target = 346C7A1F29BD19020023DE23 /* WalutWatch Watch App */;
			targetProxy = 34F4A54729BF34DD009E2583 /* PBXContainerItemProxy */;
		};
/* End PBXTargetDependency section */

/* Begin PBXVariantGroup section */
		34ED0C2A28F1C6FF006C4F38 /* Localizable.strings */ = {
			isa = PBXVariantGroup;
			children = (
				34ED0C2928F1C6FF006C4F38 /* en */,
				34ED0C2B28F1C705006C4F38 /* pl */,
			);
			name = Localizable.strings;
			sourceTree = "<group>";
		};
/* End PBXVariantGroup section */

/* Begin XCBuildConfiguration section */
		346C7A2B29BD19030023DE23 /* Debug */ = {
			isa = XCBuildConfiguration;
			buildSettings = {
				ASSETCATALOG_COMPILER_APPICON_NAME = AppIcon;
				ASSETCATALOG_COMPILER_GLOBAL_ACCENT_COLOR_NAME = AccentColor;
				CODE_SIGN_STYLE = Automatic;
				CURRENT_PROJECT_VERSION = 1;
				DEVELOPMENT_ASSET_PATHS = "\"WalutWatch Watch App/Preview Content\"";
				DEVELOPMENT_TEAM = CMJ553K76W;
				ENABLE_PREVIEWS = YES;
				GENERATE_INFOPLIST_FILE = YES;
				INFOPLIST_FILE = "WalutWatch-Watch-App-Info.plist";
				INFOPLIST_KEY_CFBundleDisplayName = Walut;
				INFOPLIST_KEY_UISupportedInterfaceOrientations = "UIInterfaceOrientationPortrait UIInterfaceOrientationPortraitUpsideDown";
				INFOPLIST_KEY_WKCompanionAppBundleIdentifier = ga.bartminski.WalutApp;
				INFOPLIST_KEY_WKRunsIndependentlyOfCompanionApp = YES;
				LD_RUNPATH_SEARCH_PATHS = (
					"$(inherited)",
					"@executable_path/Frameworks",
				);
				MARKETING_VERSION = 1.6;
				PRODUCT_BUNDLE_IDENTIFIER = ga.bartminski.WalutApp.watchkitapp;
				PRODUCT_NAME = "$(TARGET_NAME)";
				SDKROOT = watchos;
				SKIP_INSTALL = YES;
				SWIFT_EMIT_LOC_STRINGS = YES;
				SWIFT_VERSION = 5.0;
				TARGETED_DEVICE_FAMILY = 4;
				WATCHOS_DEPLOYMENT_TARGET = 10.0;
			};
			name = Debug;
		};
		346C7A2C29BD19030023DE23 /* Release */ = {
			isa = XCBuildConfiguration;
			buildSettings = {
				ASSETCATALOG_COMPILER_APPICON_NAME = AppIcon;
				ASSETCATALOG_COMPILER_GLOBAL_ACCENT_COLOR_NAME = AccentColor;
				CODE_SIGN_STYLE = Automatic;
				CURRENT_PROJECT_VERSION = 1;
				DEVELOPMENT_ASSET_PATHS = "\"WalutWatch Watch App/Preview Content\"";
				DEVELOPMENT_TEAM = CMJ553K76W;
				ENABLE_PREVIEWS = YES;
				GENERATE_INFOPLIST_FILE = YES;
				INFOPLIST_FILE = "WalutWatch-Watch-App-Info.plist";
				INFOPLIST_KEY_CFBundleDisplayName = Walut;
				INFOPLIST_KEY_UISupportedInterfaceOrientations = "UIInterfaceOrientationPortrait UIInterfaceOrientationPortraitUpsideDown";
				INFOPLIST_KEY_WKCompanionAppBundleIdentifier = ga.bartminski.WalutApp;
				INFOPLIST_KEY_WKRunsIndependentlyOfCompanionApp = YES;
				LD_RUNPATH_SEARCH_PATHS = (
					"$(inherited)",
					"@executable_path/Frameworks",
				);
				MARKETING_VERSION = 1.6;
				PRODUCT_BUNDLE_IDENTIFIER = ga.bartminski.WalutApp.watchkitapp;
				PRODUCT_NAME = "$(TARGET_NAME)";
				SDKROOT = watchos;
				SKIP_INSTALL = YES;
				SWIFT_EMIT_LOC_STRINGS = YES;
				SWIFT_VERSION = 5.0;
				TARGETED_DEVICE_FAMILY = 4;
				WATCHOS_DEPLOYMENT_TARGET = 10.0;
			};
			name = Release;
		};
		348346F8292612A4003710CA /* Debug */ = {
			isa = XCBuildConfiguration;
			buildSettings = {
				ASSETCATALOG_COMPILER_GLOBAL_ACCENT_COLOR_NAME = AccentColor;
				ASSETCATALOG_COMPILER_WIDGET_BACKGROUND_COLOR_NAME = WidgetBackground;
				CODE_SIGN_STYLE = Automatic;
				CURRENT_PROJECT_VERSION = 1;
				DEVELOPMENT_TEAM = CMJ553K76W;
				GENERATE_INFOPLIST_FILE = YES;
				INFOPLIST_FILE = WalutWidget/Info.plist;
				INFOPLIST_KEY_CFBundleDisplayName = WalutWidget;
				INFOPLIST_KEY_NSHumanReadableCopyright = "";
				IPHONEOS_DEPLOYMENT_TARGET = 17.0;
				LD_RUNPATH_SEARCH_PATHS = (
					"$(inherited)",
					"@executable_path/Frameworks",
					"@executable_path/../../Frameworks",
				);
				MARKETING_VERSION = 1.6;
				PRODUCT_BUNDLE_IDENTIFIER = ga.bartminski.WalutApp.WalutWidget;
				PRODUCT_NAME = "$(TARGET_NAME)";
				SKIP_INSTALL = YES;
				SWIFT_EMIT_LOC_STRINGS = YES;
				SWIFT_VERSION = 5.0;
				TARGETED_DEVICE_FAMILY = "1,2";
			};
			name = Debug;
		};
		348346F9292612A4003710CA /* Release */ = {
			isa = XCBuildConfiguration;
			buildSettings = {
				ASSETCATALOG_COMPILER_GLOBAL_ACCENT_COLOR_NAME = AccentColor;
				ASSETCATALOG_COMPILER_WIDGET_BACKGROUND_COLOR_NAME = WidgetBackground;
				CODE_SIGN_STYLE = Automatic;
				CURRENT_PROJECT_VERSION = 1;
				DEVELOPMENT_TEAM = CMJ553K76W;
				GENERATE_INFOPLIST_FILE = YES;
				INFOPLIST_FILE = WalutWidget/Info.plist;
				INFOPLIST_KEY_CFBundleDisplayName = WalutWidget;
				INFOPLIST_KEY_NSHumanReadableCopyright = "";
				IPHONEOS_DEPLOYMENT_TARGET = 17.0;
				LD_RUNPATH_SEARCH_PATHS = (
					"$(inherited)",
					"@executable_path/Frameworks",
					"@executable_path/../../Frameworks",
				);
				MARKETING_VERSION = 1.6;
				PRODUCT_BUNDLE_IDENTIFIER = ga.bartminski.WalutApp.WalutWidget;
				PRODUCT_NAME = "$(TARGET_NAME)";
				SKIP_INSTALL = YES;
				SWIFT_EMIT_LOC_STRINGS = YES;
				SWIFT_VERSION = 5.0;
				TARGETED_DEVICE_FAMILY = "1,2";
			};
			name = Release;
		};
		34A2346828F05B5D00C81292 /* Debug */ = {
			isa = XCBuildConfiguration;
			buildSettings = {
				ALWAYS_SEARCH_USER_PATHS = NO;
				CLANG_ANALYZER_LOCALIZABILITY_NONLOCALIZED = YES;
				CLANG_ANALYZER_NONNULL = YES;
				CLANG_ANALYZER_NUMBER_OBJECT_CONVERSION = YES_AGGRESSIVE;
				CLANG_CXX_LANGUAGE_STANDARD = "gnu++20";
				CLANG_ENABLE_MODULES = YES;
				CLANG_ENABLE_OBJC_ARC = YES;
				CLANG_ENABLE_OBJC_WEAK = YES;
				CLANG_WARN_BLOCK_CAPTURE_AUTORELEASING = YES;
				CLANG_WARN_BOOL_CONVERSION = YES;
				CLANG_WARN_COMMA = YES;
				CLANG_WARN_CONSTANT_CONVERSION = YES;
				CLANG_WARN_DEPRECATED_OBJC_IMPLEMENTATIONS = YES;
				CLANG_WARN_DIRECT_OBJC_ISA_USAGE = YES_ERROR;
				CLANG_WARN_DOCUMENTATION_COMMENTS = YES;
				CLANG_WARN_EMPTY_BODY = YES;
				CLANG_WARN_ENUM_CONVERSION = YES;
				CLANG_WARN_INFINITE_RECURSION = YES;
				CLANG_WARN_INT_CONVERSION = YES;
				CLANG_WARN_NON_LITERAL_NULL_CONVERSION = YES;
				CLANG_WARN_OBJC_IMPLICIT_RETAIN_SELF = YES;
				CLANG_WARN_OBJC_LITERAL_CONVERSION = YES;
				CLANG_WARN_OBJC_ROOT_CLASS = YES_ERROR;
				CLANG_WARN_QUOTED_INCLUDE_IN_FRAMEWORK_HEADER = YES;
				CLANG_WARN_RANGE_LOOP_ANALYSIS = YES;
				CLANG_WARN_STRICT_PROTOTYPES = YES;
				CLANG_WARN_SUSPICIOUS_MOVE = YES;
				CLANG_WARN_UNGUARDED_AVAILABILITY = YES_AGGRESSIVE;
				CLANG_WARN_UNREACHABLE_CODE = YES;
				CLANG_WARN__DUPLICATE_METHOD_MATCH = YES;
				COPY_PHASE_STRIP = NO;
				DEBUG_INFORMATION_FORMAT = dwarf;
				ENABLE_STRICT_OBJC_MSGSEND = YES;
				ENABLE_TESTABILITY = YES;
				ENABLE_USER_SCRIPT_SANDBOXING = YES;
				GCC_C_LANGUAGE_STANDARD = gnu11;
				GCC_DYNAMIC_NO_PIC = NO;
				GCC_NO_COMMON_BLOCKS = YES;
				GCC_OPTIMIZATION_LEVEL = 0;
				GCC_PREPROCESSOR_DEFINITIONS = (
					"DEBUG=1",
					"$(inherited)",
				);
				GCC_WARN_64_TO_32_BIT_CONVERSION = YES;
				GCC_WARN_ABOUT_RETURN_TYPE = YES_ERROR;
				GCC_WARN_UNDECLARED_SELECTOR = YES;
				GCC_WARN_UNINITIALIZED_AUTOS = YES_AGGRESSIVE;
				GCC_WARN_UNUSED_FUNCTION = YES;
				GCC_WARN_UNUSED_VARIABLE = YES;
				IPHONEOS_DEPLOYMENT_TARGET = 17.0;
				MTL_ENABLE_DEBUG_INFO = INCLUDE_SOURCE;
				MTL_FAST_MATH = YES;
				ONLY_ACTIVE_ARCH = YES;
				SDKROOT = iphoneos;
				SWIFT_ACTIVE_COMPILATION_CONDITIONS = DEBUG;
				SWIFT_OPTIMIZATION_LEVEL = "-Onone";
				WATCHOS_DEPLOYMENT_TARGET = 10.0;
			};
			name = Debug;
		};
		34A2346928F05B5D00C81292 /* Release */ = {
			isa = XCBuildConfiguration;
			buildSettings = {
				ALWAYS_SEARCH_USER_PATHS = NO;
				CLANG_ANALYZER_LOCALIZABILITY_NONLOCALIZED = YES;
				CLANG_ANALYZER_NONNULL = YES;
				CLANG_ANALYZER_NUMBER_OBJECT_CONVERSION = YES_AGGRESSIVE;
				CLANG_CXX_LANGUAGE_STANDARD = "gnu++20";
				CLANG_ENABLE_MODULES = YES;
				CLANG_ENABLE_OBJC_ARC = YES;
				CLANG_ENABLE_OBJC_WEAK = YES;
				CLANG_WARN_BLOCK_CAPTURE_AUTORELEASING = YES;
				CLANG_WARN_BOOL_CONVERSION = YES;
				CLANG_WARN_COMMA = YES;
				CLANG_WARN_CONSTANT_CONVERSION = YES;
				CLANG_WARN_DEPRECATED_OBJC_IMPLEMENTATIONS = YES;
				CLANG_WARN_DIRECT_OBJC_ISA_USAGE = YES_ERROR;
				CLANG_WARN_DOCUMENTATION_COMMENTS = YES;
				CLANG_WARN_EMPTY_BODY = YES;
				CLANG_WARN_ENUM_CONVERSION = YES;
				CLANG_WARN_INFINITE_RECURSION = YES;
				CLANG_WARN_INT_CONVERSION = YES;
				CLANG_WARN_NON_LITERAL_NULL_CONVERSION = YES;
				CLANG_WARN_OBJC_IMPLICIT_RETAIN_SELF = YES;
				CLANG_WARN_OBJC_LITERAL_CONVERSION = YES;
				CLANG_WARN_OBJC_ROOT_CLASS = YES_ERROR;
				CLANG_WARN_QUOTED_INCLUDE_IN_FRAMEWORK_HEADER = YES;
				CLANG_WARN_RANGE_LOOP_ANALYSIS = YES;
				CLANG_WARN_STRICT_PROTOTYPES = YES;
				CLANG_WARN_SUSPICIOUS_MOVE = YES;
				CLANG_WARN_UNGUARDED_AVAILABILITY = YES_AGGRESSIVE;
				CLANG_WARN_UNREACHABLE_CODE = YES;
				CLANG_WARN__DUPLICATE_METHOD_MATCH = YES;
				COPY_PHASE_STRIP = NO;
				DEBUG_INFORMATION_FORMAT = "dwarf-with-dsym";
				ENABLE_NS_ASSERTIONS = NO;
				ENABLE_STRICT_OBJC_MSGSEND = YES;
				ENABLE_USER_SCRIPT_SANDBOXING = YES;
				GCC_C_LANGUAGE_STANDARD = gnu11;
				GCC_NO_COMMON_BLOCKS = YES;
				GCC_WARN_64_TO_32_BIT_CONVERSION = YES;
				GCC_WARN_ABOUT_RETURN_TYPE = YES_ERROR;
				GCC_WARN_UNDECLARED_SELECTOR = YES;
				GCC_WARN_UNINITIALIZED_AUTOS = YES_AGGRESSIVE;
				GCC_WARN_UNUSED_FUNCTION = YES;
				GCC_WARN_UNUSED_VARIABLE = YES;
				IPHONEOS_DEPLOYMENT_TARGET = 17.0;
				MTL_ENABLE_DEBUG_INFO = NO;
				MTL_FAST_MATH = YES;
				SDKROOT = iphoneos;
				SWIFT_COMPILATION_MODE = wholemodule;
				SWIFT_OPTIMIZATION_LEVEL = "-O";
				VALIDATE_PRODUCT = YES;
				WATCHOS_DEPLOYMENT_TARGET = 10.0;
			};
			name = Release;
		};
		34A2346B28F05B5D00C81292 /* Debug */ = {
			isa = XCBuildConfiguration;
			buildSettings = {
				ALWAYS_EMBED_SWIFT_STANDARD_LIBRARIES = YES;
				ASSETCATALOG_COMPILER_APPICON_NAME = AppIcon;
				ASSETCATALOG_COMPILER_GLOBAL_ACCENT_COLOR_NAME = AccentColor;
				CODE_SIGN_STYLE = Automatic;
				CURRENT_PROJECT_VERSION = 1;
				DEVELOPMENT_ASSET_PATHS = "\"Walut/Preview Content\"";
				DEVELOPMENT_TEAM = CMJ553K76W;
				ENABLE_PREVIEWS = YES;
				GENERATE_INFOPLIST_FILE = YES;
				INFOPLIST_FILE = Walut/Info.plist;
				INFOPLIST_KEY_CFBundleDisplayName = Walut;
				INFOPLIST_KEY_LSApplicationCategoryType = "public.app-category.finance";
				INFOPLIST_KEY_UIApplicationSceneManifest_Generation = YES;
				INFOPLIST_KEY_UIApplicationSupportsIndirectInputEvents = YES;
				INFOPLIST_KEY_UILaunchScreen_Generation = YES;
				INFOPLIST_KEY_UISupportedInterfaceOrientations_iPad = "UIInterfaceOrientationPortrait UIInterfaceOrientationPortraitUpsideDown UIInterfaceOrientationLandscapeLeft UIInterfaceOrientationLandscapeRight";
				INFOPLIST_KEY_UISupportedInterfaceOrientations_iPhone = "UIInterfaceOrientationPortrait UIInterfaceOrientationLandscapeLeft UIInterfaceOrientationLandscapeRight";
				IPHONEOS_DEPLOYMENT_TARGET = 17.0;
				LD_RUNPATH_SEARCH_PATHS = (
					"$(inherited)",
					"@executable_path/Frameworks",
				);
				MARKETING_VERSION = 1.6;
				PRODUCT_BUNDLE_IDENTIFIER = ga.bartminski.WalutApp;
				PRODUCT_NAME = "$(TARGET_NAME)";
				SUPPORTED_PLATFORMS = "iphoneos iphonesimulator";
				SUPPORTS_MACCATALYST = NO;
				SUPPORTS_MAC_DESIGNED_FOR_IPHONE_IPAD = NO;
				SWIFT_EMIT_LOC_STRINGS = YES;
				SWIFT_VERSION = 5.0;
				TARGETED_DEVICE_FAMILY = 1;
			};
			name = Debug;
		};
		34A2346C28F05B5D00C81292 /* Release */ = {
			isa = XCBuildConfiguration;
			buildSettings = {
				ALWAYS_EMBED_SWIFT_STANDARD_LIBRARIES = YES;
				ASSETCATALOG_COMPILER_APPICON_NAME = AppIcon;
				ASSETCATALOG_COMPILER_GLOBAL_ACCENT_COLOR_NAME = AccentColor;
				CODE_SIGN_STYLE = Automatic;
				CURRENT_PROJECT_VERSION = 1;
				DEVELOPMENT_ASSET_PATHS = "\"Walut/Preview Content\"";
				DEVELOPMENT_TEAM = CMJ553K76W;
				ENABLE_PREVIEWS = YES;
				GENERATE_INFOPLIST_FILE = YES;
				INFOPLIST_FILE = Walut/Info.plist;
				INFOPLIST_KEY_CFBundleDisplayName = Walut;
				INFOPLIST_KEY_LSApplicationCategoryType = "public.app-category.finance";
				INFOPLIST_KEY_UIApplicationSceneManifest_Generation = YES;
				INFOPLIST_KEY_UIApplicationSupportsIndirectInputEvents = YES;
				INFOPLIST_KEY_UILaunchScreen_Generation = YES;
				INFOPLIST_KEY_UISupportedInterfaceOrientations_iPad = "UIInterfaceOrientationPortrait UIInterfaceOrientationPortraitUpsideDown UIInterfaceOrientationLandscapeLeft UIInterfaceOrientationLandscapeRight";
				INFOPLIST_KEY_UISupportedInterfaceOrientations_iPhone = "UIInterfaceOrientationPortrait UIInterfaceOrientationLandscapeLeft UIInterfaceOrientationLandscapeRight";
				IPHONEOS_DEPLOYMENT_TARGET = 17.0;
				LD_RUNPATH_SEARCH_PATHS = (
					"$(inherited)",
					"@executable_path/Frameworks",
				);
				MARKETING_VERSION = 1.6;
				PRODUCT_BUNDLE_IDENTIFIER = ga.bartminski.WalutApp;
				PRODUCT_NAME = "$(TARGET_NAME)";
				SUPPORTED_PLATFORMS = "iphoneos iphonesimulator";
				SUPPORTS_MACCATALYST = NO;
				SUPPORTS_MAC_DESIGNED_FOR_IPHONE_IPAD = NO;
				SWIFT_EMIT_LOC_STRINGS = YES;
				SWIFT_VERSION = 5.0;
				TARGETED_DEVICE_FAMILY = 1;
			};
			name = Release;
		};
/* End XCBuildConfiguration section */

/* Begin XCConfigurationList section */
		346C7A2D29BD19030023DE23 /* Build configuration list for PBXNativeTarget "WalutWatch Watch App" */ = {
			isa = XCConfigurationList;
			buildConfigurations = (
				346C7A2B29BD19030023DE23 /* Debug */,
				346C7A2C29BD19030023DE23 /* Release */,
			);
			defaultConfigurationIsVisible = 0;
			defaultConfigurationName = Release;
		};
		348346FA292612A4003710CA /* Build configuration list for PBXNativeTarget "WalutWidgetExtension" */ = {
			isa = XCConfigurationList;
			buildConfigurations = (
				348346F8292612A4003710CA /* Debug */,
				348346F9292612A4003710CA /* Release */,
			);
			defaultConfigurationIsVisible = 0;
			defaultConfigurationName = Release;
		};
		34A2345728F05B5C00C81292 /* Build configuration list for PBXProject "Walut" */ = {
			isa = XCConfigurationList;
			buildConfigurations = (
				34A2346828F05B5D00C81292 /* Debug */,
				34A2346928F05B5D00C81292 /* Release */,
			);
			defaultConfigurationIsVisible = 0;
			defaultConfigurationName = Release;
		};
		34A2346A28F05B5D00C81292 /* Build configuration list for PBXNativeTarget "Walut" */ = {
			isa = XCConfigurationList;
			buildConfigurations = (
				34A2346B28F05B5D00C81292 /* Debug */,
				34A2346C28F05B5D00C81292 /* Release */,
			);
			defaultConfigurationIsVisible = 0;
			defaultConfigurationName = Release;
		};
/* End XCConfigurationList section */

/* Begin XCRemoteSwiftPackageReference section */
		34D3A43929B0956300292518 /* XCRemoteSwiftPackageReference "Roadmap" */ = {
			isa = XCRemoteSwiftPackageReference;
			repositoryURL = "https://github.com/AvdLee/Roadmap.git";
			requirement = {
				branch = main;
				kind = branch;
			};
		};
/* End XCRemoteSwiftPackageReference section */

/* Begin XCSwiftPackageProductDependency section */
		34D3A43A29B0956300292518 /* Roadmap */ = {
			isa = XCSwiftPackageProductDependency;
			package = 34D3A43929B0956300292518 /* XCRemoteSwiftPackageReference "Roadmap" */;
			productName = Roadmap;
		};
/* End XCSwiftPackageProductDependency section */
	};
	rootObject = 34A2345428F05B5C00C81292 /* Project object */;
}
